// !$*UTF8*$!
{
	archiveVersion = 1;
	classes = {
	};
	objectVersion = 46;
	objects = {

/* Begin PBXBuildFile section */
		6B93A1E07252B2FC99D6F25B /* libPods-MeiXun.a in Frameworks */ = {isa = PBXBuildFile; fileRef = D081C6F2FBBC9F12F548BE92 /* libPods-MeiXun.a */; };
		BE2A77C11F432AE900FDD1BD /* DialogTableViewController.m in Sources */ = {isa = PBXBuildFile; fileRef = BE2A77C01F432AE900FDD1BD /* DialogTableViewController.m */; };
		BE2A77C51F432B6A00FDD1BD /* MTabbarController.m in Sources */ = {isa = PBXBuildFile; fileRef = BE2A77C41F432B6A00FDD1BD /* MTabbarController.m */; };
		BE2A77C91F43351100FDD1BD /* MKeyboard.xib in Resources */ = {isa = PBXBuildFile; fileRef = BE2A77C81F43351100FDD1BD /* MKeyboard.xib */; };
		BE2A77CC1F43363400FDD1BD /* MKeyboard.m in Sources */ = {isa = PBXBuildFile; fileRef = BE2A77CB1F43363400FDD1BD /* MKeyboard.m */; };
		BE2A77D01F433D6300FDD1BD /* MNumbers.m in Sources */ = {isa = PBXBuildFile; fileRef = BE2A77CE1F433D6300FDD1BD /* MNumbers.m */; };
		BE2A77D11F433D6300FDD1BD /* MNumbers.xib in Resources */ = {isa = PBXBuildFile; fileRef = BE2A77CF1F433D6300FDD1BD /* MNumbers.xib */; };
		BE2A77D51F433E0400FDD1BD /* UIView+PositionExt.m in Sources */ = {isa = PBXBuildFile; fileRef = BE2A77D41F433E0400FDD1BD /* UIView+PositionExt.m */; };
		BE63E6C51F3DEF8D00E6CC48 /* main.m in Sources */ = {isa = PBXBuildFile; fileRef = BE63E6C41F3DEF8D00E6CC48 /* main.m */; };
		BE63E6CE1F3DEF8D00E6CC48 /* Main.storyboard in Resources */ = {isa = PBXBuildFile; fileRef = BE63E6CC1F3DEF8D00E6CC48 /* Main.storyboard */; };
		BE63E6D01F3DEF8D00E6CC48 /* Assets.xcassets in Resources */ = {isa = PBXBuildFile; fileRef = BE63E6CF1F3DEF8D00E6CC48 /* Assets.xcassets */; };
		BE63E6D31F3DEF8D00E6CC48 /* LaunchScreen.storyboard in Resources */ = {isa = PBXBuildFile; fileRef = BE63E6D11F3DEF8D00E6CC48 /* LaunchScreen.storyboard */; };
		BE63E6EB1F3DF28F00E6CC48 /* AppDelegate.m in Sources */ = {isa = PBXBuildFile; fileRef = BE63E6EA1F3DF28F00E6CC48 /* AppDelegate.m */; };
		BE63E6FA1F3DF30A00E6CC48 /* Login.storyboard in Resources */ = {isa = PBXBuildFile; fileRef = BE63E6F91F3DF30A00E6CC48 /* Login.storyboard */; };
		BE63E6FD1F3DFB0800E6CC48 /* AccTableVieController.m in Sources */ = {isa = PBXBuildFile; fileRef = BE63E6FC1F3DFB0800E6CC48 /* AccTableVieController.m */; };
		BE82B9691F40A040000DE786 /* ModifyPwdTableViewController.m in Sources */ = {isa = PBXBuildFile; fileRef = BE82B9681F40A040000DE786 /* ModifyPwdTableViewController.m */; };
		BEBD698C1F3ED9610062AA36 /* LoginCodeTableViewController.m in Sources */ = {isa = PBXBuildFile; fileRef = BEBD698B1F3ED9610062AA36 /* LoginCodeTableViewController.m */; };
		BEBD69951F3EE0270062AA36 /* InfoPlist.strings in Resources */ = {isa = PBXBuildFile; fileRef = BEBD69971F3EE0270062AA36 /* InfoPlist.strings */; };
		BEE23B7E1F3FF70F00BAA66E /* EnterPwdTableViewController.m in Sources */ = {isa = PBXBuildFile; fileRef = BEE23B7D1F3FF70F00BAA66E /* EnterPwdTableViewController.m */; };
		BEE23B821F4006A800BAA66E /* MAccModel.m in Sources */ = {isa = PBXBuildFile; fileRef = BEE23B811F4006A800BAA66E /* MAccModel.m */; };
		BEE23B851F40087200BAA66E /* MDataUtil.m in Sources */ = {isa = PBXBuildFile; fileRef = BEE23B841F40087200BAA66E /* MDataUtil.m */; };
		BEE23B881F404DF700BAA66E /* MeTableViewController.m in Sources */ = {isa = PBXBuildFile; fileRef = BEE23B871F404DF700BAA66E /* MeTableViewController.m */; };
		BEE23B8B1F408C0A00BAA66E /* AccSettingTableViewController.m in Sources */ = {isa = PBXBuildFile; fileRef = BEE23B8A1F408C0A00BAA66E /* AccSettingTableViewController.m */; };
		BEF9FC4B1F41D8ED00469DB3 /* MoreTableViewController.m in Sources */ = {isa = PBXBuildFile; fileRef = BEF9FC4A1F41D8ED00469DB3 /* MoreTableViewController.m */; };
		BEF9FC4E1F41DC5900469DB3 /* AboutUsViewController.m in Sources */ = {isa = PBXBuildFile; fileRef = BEF9FC4D1F41DC5900469DB3 /* AboutUsViewController.m */; };
		BEF9FC511F41E04500469DB3 /* FeedbackTableViewController.m in Sources */ = {isa = PBXBuildFile; fileRef = BEF9FC501F41E04500469DB3 /* FeedbackTableViewController.m */; };
		BEF9FC541F41E11300469DB3 /* BindingAccTableViewController.m in Sources */ = {isa = PBXBuildFile; fileRef = BEF9FC531F41E11300469DB3 /* BindingAccTableViewController.m */; };
		BEF9FC571F41E15700469DB3 /* ChagneAccTableViewController.m in Sources */ = {isa = PBXBuildFile; fileRef = BEF9FC561F41E15700469DB3 /* ChagneAccTableViewController.m */; };
/* End PBXBuildFile section */

/* Begin PBXFileReference section */
		4984CF8DB189A6F5E092B49C /* Pods-MeiXun.debug.xcconfig */ = {isa = PBXFileReference; includeInIndex = 1; lastKnownFileType = text.xcconfig; name = "Pods-MeiXun.debug.xcconfig"; path = "Pods/Target Support Files/Pods-MeiXun/Pods-MeiXun.debug.xcconfig"; sourceTree = "<group>"; };
		A360D35DA78737F4678F2B94 /* Pods-MeiXun.release.xcconfig */ = {isa = PBXFileReference; includeInIndex = 1; lastKnownFileType = text.xcconfig; name = "Pods-MeiXun.release.xcconfig"; path = "Pods/Target Support Files/Pods-MeiXun/Pods-MeiXun.release.xcconfig"; sourceTree = "<group>"; };
		BE2A77BF1F432AE900FDD1BD /* DialogTableViewController.h */ = {isa = PBXFileReference; fileEncoding = 4; lastKnownFileType = sourcecode.c.h; path = DialogTableViewController.h; sourceTree = "<group>"; };
		BE2A77C01F432AE900FDD1BD /* DialogTableViewController.m */ = {isa = PBXFileReference; fileEncoding = 4; lastKnownFileType = sourcecode.c.objc; path = DialogTableViewController.m; sourceTree = "<group>"; };
		BE2A77C31F432B6A00FDD1BD /* MTabbarController.h */ = {isa = PBXFileReference; fileEncoding = 4; lastKnownFileType = sourcecode.c.h; path = MTabbarController.h; sourceTree = "<group>"; };
		BE2A77C41F432B6A00FDD1BD /* MTabbarController.m */ = {isa = PBXFileReference; fileEncoding = 4; lastKnownFileType = sourcecode.c.objc; path = MTabbarController.m; sourceTree = "<group>"; };
		BE2A77C61F432BB900FDD1BD /* MKeys.h */ = {isa = PBXFileReference; fileEncoding = 4; lastKnownFileType = sourcecode.c.h; path = MKeys.h; sourceTree = "<group>"; };
		BE2A77C81F43351100FDD1BD /* MKeyboard.xib */ = {isa = PBXFileReference; fileEncoding = 4; lastKnownFileType = file.xib; path = MKeyboard.xib; sourceTree = "<group>"; };
		BE2A77CA1F43363400FDD1BD /* MKeyboard.h */ = {isa = PBXFileReference; fileEncoding = 4; lastKnownFileType = sourcecode.c.h; path = MKeyboard.h; sourceTree = "<group>"; };
		BE2A77CB1F43363400FDD1BD /* MKeyboard.m */ = {isa = PBXFileReference; fileEncoding = 4; lastKnownFileType = sourcecode.c.objc; path = MKeyboard.m; sourceTree = "<group>"; };
		BE2A77CD1F433D6300FDD1BD /* MNumbers.h */ = {isa = PBXFileReference; fileEncoding = 4; lastKnownFileType = sourcecode.c.h; path = MNumbers.h; sourceTree = "<group>"; };
		BE2A77CE1F433D6300FDD1BD /* MNumbers.m */ = {isa = PBXFileReference; fileEncoding = 4; lastKnownFileType = sourcecode.c.objc; path = MNumbers.m; sourceTree = "<group>"; };
		BE2A77CF1F433D6300FDD1BD /* MNumbers.xib */ = {isa = PBXFileReference; fileEncoding = 4; lastKnownFileType = file.xib; path = MNumbers.xib; sourceTree = "<group>"; };
		BE2A77D31F433E0400FDD1BD /* UIView+PositionExt.h */ = {isa = PBXFileReference; fileEncoding = 4; lastKnownFileType = sourcecode.c.h; path = "UIView+PositionExt.h"; sourceTree = "<group>"; };
		BE2A77D41F433E0400FDD1BD /* UIView+PositionExt.m */ = {isa = PBXFileReference; fileEncoding = 4; lastKnownFileType = sourcecode.c.objc; path = "UIView+PositionExt.m"; sourceTree = "<group>"; };
		BE63E6C01F3DEF8D00E6CC48 /* MeiXun.app */ = {isa = PBXFileReference; explicitFileType = wrapper.application; includeInIndex = 0; path = MeiXun.app; sourceTree = BUILT_PRODUCTS_DIR; };
		BE63E6C41F3DEF8D00E6CC48 /* main.m */ = {isa = PBXFileReference; lastKnownFileType = sourcecode.c.objc; path = main.m; sourceTree = "<group>"; };
		BE63E6CD1F3DEF8D00E6CC48 /* Base */ = {isa = PBXFileReference; lastKnownFileType = file.storyboard; name = Base; path = Base.lproj/Main.storyboard; sourceTree = "<group>"; };
		BE63E6CF1F3DEF8D00E6CC48 /* Assets.xcassets */ = {isa = PBXFileReference; lastKnownFileType = folder.assetcatalog; path = Assets.xcassets; sourceTree = "<group>"; };
		BE63E6D21F3DEF8D00E6CC48 /* Base */ = {isa = PBXFileReference; lastKnownFileType = file.storyboard; name = Base; path = Base.lproj/LaunchScreen.storyboard; sourceTree = "<group>"; };
		BE63E6D41F3DEF8D00E6CC48 /* Info.plist */ = {isa = PBXFileReference; lastKnownFileType = text.plist.xml; path = Info.plist; sourceTree = "<group>"; };
		BE63E6E91F3DF28F00E6CC48 /* AppDelegate.h */ = {isa = PBXFileReference; fileEncoding = 4; lastKnownFileType = sourcecode.c.h; path = AppDelegate.h; sourceTree = "<group>"; };
		BE63E6EA1F3DF28F00E6CC48 /* AppDelegate.m */ = {isa = PBXFileReference; fileEncoding = 4; lastKnownFileType = sourcecode.c.objc; path = AppDelegate.m; sourceTree = "<group>"; };
		BE63E6F91F3DF30A00E6CC48 /* Login.storyboard */ = {isa = PBXFileReference; fileEncoding = 4; lastKnownFileType = file.storyboard; path = Login.storyboard; sourceTree = "<group>"; };
		BE63E6FB1F3DFB0800E6CC48 /* AccTableVieController.h */ = {isa = PBXFileReference; fileEncoding = 4; lastKnownFileType = sourcecode.c.h; path = AccTableVieController.h; sourceTree = "<group>"; };
		BE63E6FC1F3DFB0800E6CC48 /* AccTableVieController.m */ = {isa = PBXFileReference; fileEncoding = 4; lastKnownFileType = sourcecode.c.objc; path = AccTableVieController.m; sourceTree = "<group>"; };
		BE82B9671F40A040000DE786 /* ModifyPwdTableViewController.h */ = {isa = PBXFileReference; fileEncoding = 4; lastKnownFileType = sourcecode.c.h; path = ModifyPwdTableViewController.h; sourceTree = "<group>"; };
		BE82B9681F40A040000DE786 /* ModifyPwdTableViewController.m */ = {isa = PBXFileReference; fileEncoding = 4; lastKnownFileType = sourcecode.c.objc; path = ModifyPwdTableViewController.m; sourceTree = "<group>"; };
		BEBD698A1F3ED9610062AA36 /* LoginCodeTableViewController.h */ = {isa = PBXFileReference; fileEncoding = 4; lastKnownFileType = sourcecode.c.h; path = LoginCodeTableViewController.h; sourceTree = "<group>"; };
		BEBD698B1F3ED9610062AA36 /* LoginCodeTableViewController.m */ = {isa = PBXFileReference; fileEncoding = 4; lastKnownFileType = sourcecode.c.objc; path = LoginCodeTableViewController.m; sourceTree = "<group>"; };
		BEBD698E1F3EDC000062AA36 /* MColor.h */ = {isa = PBXFileReference; lastKnownFileType = sourcecode.c.h; path = MColor.h; sourceTree = "<group>"; };
		BEBD698F1F3EDC2C0062AA36 /* MXPrefixHeader.pch */ = {isa = PBXFileReference; lastKnownFileType = sourcecode.c.h; path = MXPrefixHeader.pch; sourceTree = "<group>"; };
		BEBD69901F3EDD510062AA36 /* MConstant.h */ = {isa = PBXFileReference; fileEncoding = 4; lastKnownFileType = sourcecode.c.h; path = MConstant.h; sourceTree = "<group>"; };
		BEBD69911F3EDFA60062AA36 /* zh-Hans */ = {isa = PBXFileReference; lastKnownFileType = text.plist.strings; name = "zh-Hans"; path = "zh-Hans.lproj/Main.strings"; sourceTree = "<group>"; };
		BEBD69921F3EDFA70062AA36 /* zh-Hans */ = {isa = PBXFileReference; lastKnownFileType = text.plist.strings; name = "zh-Hans"; path = "zh-Hans.lproj/LaunchScreen.strings"; sourceTree = "<group>"; };
		BEBD69961F3EE0270062AA36 /* en */ = {isa = PBXFileReference; lastKnownFileType = text.plist.strings; name = en; path = en.lproj/InfoPlist.strings; sourceTree = "<group>"; };
		BEBD69981F3EE02B0062AA36 /* Base */ = {isa = PBXFileReference; lastKnownFileType = text.plist.strings; name = Base; path = Base.lproj/InfoPlist.strings; sourceTree = "<group>"; };
		BEBD69991F3EE02C0062AA36 /* zh-Hans */ = {isa = PBXFileReference; lastKnownFileType = text.plist.strings; name = "zh-Hans"; path = "zh-Hans.lproj/InfoPlist.strings"; sourceTree = "<group>"; };
		BEE23B7C1F3FF70F00BAA66E /* EnterPwdTableViewController.h */ = {isa = PBXFileReference; fileEncoding = 4; lastKnownFileType = sourcecode.c.h; path = EnterPwdTableViewController.h; sourceTree = "<group>"; };
		BEE23B7D1F3FF70F00BAA66E /* EnterPwdTableViewController.m */ = {isa = PBXFileReference; fileEncoding = 4; lastKnownFileType = sourcecode.c.objc; path = EnterPwdTableViewController.m; sourceTree = "<group>"; };
		BEE23B801F4006A800BAA66E /* MAccModel.h */ = {isa = PBXFileReference; fileEncoding = 4; lastKnownFileType = sourcecode.c.h; path = MAccModel.h; sourceTree = "<group>"; };
		BEE23B811F4006A800BAA66E /* MAccModel.m */ = {isa = PBXFileReference; fileEncoding = 4; lastKnownFileType = sourcecode.c.objc; path = MAccModel.m; sourceTree = "<group>"; };
		BEE23B831F40087200BAA66E /* MDataUtil.h */ = {isa = PBXFileReference; fileEncoding = 4; lastKnownFileType = sourcecode.c.h; path = MDataUtil.h; sourceTree = "<group>"; };
		BEE23B841F40087200BAA66E /* MDataUtil.m */ = {isa = PBXFileReference; fileEncoding = 4; lastKnownFileType = sourcecode.c.objc; path = MDataUtil.m; sourceTree = "<group>"; };
		BEE23B861F404DF700BAA66E /* MeTableViewController.h */ = {isa = PBXFileReference; fileEncoding = 4; lastKnownFileType = sourcecode.c.h; path = MeTableViewController.h; sourceTree = "<group>"; };
		BEE23B871F404DF700BAA66E /* MeTableViewController.m */ = {isa = PBXFileReference; fileEncoding = 4; lastKnownFileType = sourcecode.c.objc; path = MeTableViewController.m; sourceTree = "<group>"; };
		BEE23B891F408C0A00BAA66E /* AccSettingTableViewController.h */ = {isa = PBXFileReference; fileEncoding = 4; lastKnownFileType = sourcecode.c.h; path = AccSettingTableViewController.h; sourceTree = "<group>"; };
		BEE23B8A1F408C0A00BAA66E /* AccSettingTableViewController.m */ = {isa = PBXFileReference; fileEncoding = 4; lastKnownFileType = sourcecode.c.objc; path = AccSettingTableViewController.m; sourceTree = "<group>"; };
		BEF9FC491F41D8ED00469DB3 /* MoreTableViewController.h */ = {isa = PBXFileReference; fileEncoding = 4; lastKnownFileType = sourcecode.c.h; path = MoreTableViewController.h; sourceTree = "<group>"; };
		BEF9FC4A1F41D8ED00469DB3 /* MoreTableViewController.m */ = {isa = PBXFileReference; fileEncoding = 4; lastKnownFileType = sourcecode.c.objc; path = MoreTableViewController.m; sourceTree = "<group>"; };
		BEF9FC4C1F41DC5900469DB3 /* AboutUsViewController.h */ = {isa = PBXFileReference; fileEncoding = 4; lastKnownFileType = sourcecode.c.h; path = AboutUsViewController.h; sourceTree = "<group>"; };
		BEF9FC4D1F41DC5900469DB3 /* AboutUsViewController.m */ = {isa = PBXFileReference; fileEncoding = 4; lastKnownFileType = sourcecode.c.objc; path = AboutUsViewController.m; sourceTree = "<group>"; };
		BEF9FC4F1F41E04500469DB3 /* FeedbackTableViewController.h */ = {isa = PBXFileReference; fileEncoding = 4; lastKnownFileType = sourcecode.c.h; path = FeedbackTableViewController.h; sourceTree = "<group>"; };
		BEF9FC501F41E04500469DB3 /* FeedbackTableViewController.m */ = {isa = PBXFileReference; fileEncoding = 4; lastKnownFileType = sourcecode.c.objc; path = FeedbackTableViewController.m; sourceTree = "<group>"; };
		BEF9FC521F41E11300469DB3 /* BindingAccTableViewController.h */ = {isa = PBXFileReference; fileEncoding = 4; lastKnownFileType = sourcecode.c.h; path = BindingAccTableViewController.h; sourceTree = "<group>"; };
		BEF9FC531F41E11300469DB3 /* BindingAccTableViewController.m */ = {isa = PBXFileReference; fileEncoding = 4; lastKnownFileType = sourcecode.c.objc; path = BindingAccTableViewController.m; sourceTree = "<group>"; };
		BEF9FC551F41E15700469DB3 /* ChagneAccTableViewController.h */ = {isa = PBXFileReference; fileEncoding = 4; lastKnownFileType = sourcecode.c.h; path = ChagneAccTableViewController.h; sourceTree = "<group>"; };
		BEF9FC561F41E15700469DB3 /* ChagneAccTableViewController.m */ = {isa = PBXFileReference; fileEncoding = 4; lastKnownFileType = sourcecode.c.objc; path = ChagneAccTableViewController.m; sourceTree = "<group>"; };
		D081C6F2FBBC9F12F548BE92 /* libPods-MeiXun.a */ = {isa = PBXFileReference; explicitFileType = archive.ar; includeInIndex = 0; path = "libPods-MeiXun.a"; sourceTree = BUILT_PRODUCTS_DIR; };
/* End PBXFileReference section */

/* Begin PBXFrameworksBuildPhase section */
		BE63E6BD1F3DEF8D00E6CC48 /* Frameworks */ = {
			isa = PBXFrameworksBuildPhase;
			buildActionMask = 2147483647;
			files = (
				6B93A1E07252B2FC99D6F25B /* libPods-MeiXun.a in Frameworks */,
			);
			runOnlyForDeploymentPostprocessing = 0;
		};
/* End PBXFrameworksBuildPhase section */

/* Begin PBXGroup section */
		8B6F6037AE651E74BDCC9352 /* Pods */ = {
			isa = PBXGroup;
			children = (
				4984CF8DB189A6F5E092B49C /* Pods-MeiXun.debug.xcconfig */,
				A360D35DA78737F4678F2B94 /* Pods-MeiXun.release.xcconfig */,
			);
			name = Pods;
			sourceTree = "<group>";
		};
		9066E30743DC5E1FB6663117 /* Frameworks */ = {
			isa = PBXGroup;
			children = (
				D081C6F2FBBC9F12F548BE92 /* libPods-MeiXun.a */,
			);
			name = Frameworks;
			sourceTree = "<group>";
		};
		BE2A77BC1F432AB400FDD1BD /* Dialog */ = {
			isa = PBXGroup;
			children = (
				BE2A77BD1F432AB400FDD1BD /* Controllers */,
				BE2A77BE1F432AB400FDD1BD /* Views */,
			);
			path = Dialog;
			sourceTree = "<group>";
		};
		BE2A77BD1F432AB400FDD1BD /* Controllers */ = {
			isa = PBXGroup;
			children = (
				BE2A77BF1F432AE900FDD1BD /* DialogTableViewController.h */,
				BE2A77C01F432AE900FDD1BD /* DialogTableViewController.m */,
			);
			path = Controllers;
			sourceTree = "<group>";
		};
		BE2A77BE1F432AB400FDD1BD /* Views */ = {
			isa = PBXGroup;
			children = (
				BE2A77C71F43345C00FDD1BD /* keyboard */,
			);
			path = Views;
			sourceTree = "<group>";
		};
		BE2A77C21F432B3E00FDD1BD /* Controllers */ = {
			isa = PBXGroup;
			children = (
				BE2A77C31F432B6A00FDD1BD /* MTabbarController.h */,
				BE2A77C41F432B6A00FDD1BD /* MTabbarController.m */,
			);
			path = Controllers;
			sourceTree = "<group>";
		};
		BE2A77C71F43345C00FDD1BD /* keyboard */ = {
			isa = PBXGroup;
			children = (
				BE2A77C81F43351100FDD1BD /* MKeyboard.xib */,
				BE2A77CA1F43363400FDD1BD /* MKeyboard.h */,
				BE2A77CB1F43363400FDD1BD /* MKeyboard.m */,
				BE2A77CD1F433D6300FDD1BD /* MNumbers.h */,
				BE2A77CE1F433D6300FDD1BD /* MNumbers.m */,
				BE2A77CF1F433D6300FDD1BD /* MNumbers.xib */,
			);
			path = keyboard;
			sourceTree = "<group>";
		};
		BE2A77D21F433DFA00FDD1BD /* Category */ = {
			isa = PBXGroup;
			children = (
				BE2A77D31F433E0400FDD1BD /* UIView+PositionExt.h */,
				BE2A77D41F433E0400FDD1BD /* UIView+PositionExt.m */,
			);
			path = Category;
			sourceTree = "<group>";
		};
		BE63E6B71F3DEF8D00E6CC48 = {
			isa = PBXGroup;
			children = (
				BE63E6C21F3DEF8D00E6CC48 /* MeiXun */,
				BE63E6C11F3DEF8D00E6CC48 /* Products */,
				8B6F6037AE651E74BDCC9352 /* Pods */,
				9066E30743DC5E1FB6663117 /* Frameworks */,
			);
			sourceTree = "<group>";
		};
		BE63E6C11F3DEF8D00E6CC48 /* Products */ = {
			isa = PBXGroup;
			children = (
				BE63E6C01F3DEF8D00E6CC48 /* MeiXun.app */,
			);
			name = Products;
			sourceTree = "<group>";
		};
		BE63E6C21F3DEF8D00E6CC48 /* MeiXun */ = {
			isa = PBXGroup;
			children = (
				BE63E6EC1F3DF2F000E6CC48 /* MClasses */,
				BE63E6E71F3DF28F00E6CC48 /* MBases */,
				BE63E6CC1F3DEF8D00E6CC48 /* Main.storyboard */,
				BE63E6CF1F3DEF8D00E6CC48 /* Assets.xcassets */,
				BE63E6D11F3DEF8D00E6CC48 /* LaunchScreen.storyboard */,
				BE63E6D41F3DEF8D00E6CC48 /* Info.plist */,
				BE63E6C31F3DEF8D00E6CC48 /* Supporting Files */,
				BEBD698F1F3EDC2C0062AA36 /* MXPrefixHeader.pch */,
				BEBD69971F3EE0270062AA36 /* InfoPlist.strings */,
			);
			path = MeiXun;
			sourceTree = "<group>";
		};
		BE63E6C31F3DEF8D00E6CC48 /* Supporting Files */ = {
			isa = PBXGroup;
			children = (
				BE63E6C41F3DEF8D00E6CC48 /* main.m */,
			);
			name = "Supporting Files";
			sourceTree = "<group>";
		};
		BE63E6E71F3DF28F00E6CC48 /* MBases */ = {
			isa = PBXGroup;
			children = (
				BE2A77D21F433DFA00FDD1BD /* Category */,
				BE2A77C21F432B3E00FDD1BD /* Controllers */,
				BEBD698D1F3EDBE50062AA36 /* Util */,
				BE63E6E81F3DF28F00E6CC48 /* Launch */,
			);
			path = MBases;
			sourceTree = "<group>";
		};
		BE63E6E81F3DF28F00E6CC48 /* Launch */ = {
			isa = PBXGroup;
			children = (
				BE63E6E91F3DF28F00E6CC48 /* AppDelegate.h */,
				BE63E6EA1F3DF28F00E6CC48 /* AppDelegate.m */,
			);
			path = Launch;
			sourceTree = "<group>";
		};
		BE63E6EC1F3DF2F000E6CC48 /* MClasses */ = {
			isa = PBXGroup;
			children = (
				BE2A77BC1F432AB400FDD1BD /* Dialog */,
				BE63E6ED1F3DF2F000E6CC48 /* Contacts */,
				BE63E6F01F3DF2F000E6CC48 /* Login */,
				BE63E6F31F3DF2F000E6CC48 /* Me */,
			);
			path = MClasses;
			sourceTree = "<group>";
		};
		BE63E6ED1F3DF2F000E6CC48 /* Contacts */ = {
			isa = PBXGroup;
			children = (
				BE63E6EE1F3DF2F000E6CC48 /* Controllers */,
				BE63E6EF1F3DF2F000E6CC48 /* Views */,
			);
			path = Contacts;
			sourceTree = "<group>";
		};
		BE63E6EE1F3DF2F000E6CC48 /* Controllers */ = {
			isa = PBXGroup;
			children = (
			);
			path = Controllers;
			sourceTree = "<group>";
		};
		BE63E6EF1F3DF2F000E6CC48 /* Views */ = {
			isa = PBXGroup;
			children = (
			);
			path = Views;
			sourceTree = "<group>";
		};
		BE63E6F01F3DF2F000E6CC48 /* Login */ = {
			isa = PBXGroup;
			children = (
				BEE23B7F1F40069500BAA66E /* Model */,
				BE63E6F11F3DF2F000E6CC48 /* Controllers */,
				BE63E6F21F3DF2F000E6CC48 /* Views */,
			);
			path = Login;
			sourceTree = "<group>";
		};
		BE63E6F11F3DF2F000E6CC48 /* Controllers */ = {
			isa = PBXGroup;
			children = (
				BE63E6FB1F3DFB0800E6CC48 /* AccTableVieController.h */,
				BE63E6FC1F3DFB0800E6CC48 /* AccTableVieController.m */,
				BEBD698A1F3ED9610062AA36 /* LoginCodeTableViewController.h */,
				BEBD698B1F3ED9610062AA36 /* LoginCodeTableViewController.m */,
				BEE23B7C1F3FF70F00BAA66E /* EnterPwdTableViewController.h */,
				BEE23B7D1F3FF70F00BAA66E /* EnterPwdTableViewController.m */,
			);
			path = Controllers;
			sourceTree = "<group>";
		};
		BE63E6F21F3DF2F000E6CC48 /* Views */ = {
			isa = PBXGroup;
			children = (
				BE63E6F91F3DF30A00E6CC48 /* Login.storyboard */,
			);
			path = Views;
			sourceTree = "<group>";
		};
		BE63E6F31F3DF2F000E6CC48 /* Me */ = {
			isa = PBXGroup;
			children = (
				BE63E6F41F3DF2F000E6CC48 /* Controllers */,
				BE63E6F51F3DF2F000E6CC48 /* Views */,
			);
			path = Me;
			sourceTree = "<group>";
		};
		BE63E6F41F3DF2F000E6CC48 /* Controllers */ = {
			isa = PBXGroup;
			children = (
				BEE23B861F404DF700BAA66E /* MeTableViewController.h */,
				BEE23B871F404DF700BAA66E /* MeTableViewController.m */,
				BEE23B891F408C0A00BAA66E /* AccSettingTableViewController.h */,
				BEE23B8A1F408C0A00BAA66E /* AccSettingTableViewController.m */,
				BE82B9671F40A040000DE786 /* ModifyPwdTableViewController.h */,
				BE82B9681F40A040000DE786 /* ModifyPwdTableViewController.m */,
				BEF9FC491F41D8ED00469DB3 /* MoreTableViewController.h */,
				BEF9FC4A1F41D8ED00469DB3 /* MoreTableViewController.m */,
				BEF9FC4C1F41DC5900469DB3 /* AboutUsViewController.h */,
				BEF9FC4D1F41DC5900469DB3 /* AboutUsViewController.m */,
				BEF9FC4F1F41E04500469DB3 /* FeedbackTableViewController.h */,
				BEF9FC501F41E04500469DB3 /* FeedbackTableViewController.m */,
				BEF9FC521F41E11300469DB3 /* BindingAccTableViewController.h */,
				BEF9FC531F41E11300469DB3 /* BindingAccTableViewController.m */,
				BEF9FC551F41E15700469DB3 /* ChagneAccTableViewController.h */,
				BEF9FC561F41E15700469DB3 /* ChagneAccTableViewController.m */,
			);
			path = Controllers;
			sourceTree = "<group>";
		};
		BE63E6F51F3DF2F000E6CC48 /* Views */ = {
			isa = PBXGroup;
			children = (
			);
			path = Views;
			sourceTree = "<group>";
		};
		BEBD698D1F3EDBE50062AA36 /* Util */ = {
			isa = PBXGroup;
			children = (
				BE2A77C61F432BB900FDD1BD /* MKeys.h */,
				BEBD698E1F3EDC000062AA36 /* MColor.h */,
				BEBD69901F3EDD510062AA36 /* MConstant.h */,
				BEE23B831F40087200BAA66E /* MDataUtil.h */,
				BEE23B841F40087200BAA66E /* MDataUtil.m */,
			);
			path = Util;
			sourceTree = "<group>";
		};
		BEE23B7F1F40069500BAA66E /* Model */ = {
			isa = PBXGroup;
			children = (
				BEE23B801F4006A800BAA66E /* MAccModel.h */,
				BEE23B811F4006A800BAA66E /* MAccModel.m */,
			);
			path = Model;
			sourceTree = "<group>";
		};
/* End PBXGroup section */

/* Begin PBXNativeTarget section */
		BE63E6BF1F3DEF8D00E6CC48 /* MeiXun */ = {
			isa = PBXNativeTarget;
			buildConfigurationList = BE63E6D71F3DEF8D00E6CC48 /* Build configuration list for PBXNativeTarget "MeiXun" */;
			buildPhases = (
				282EA07CEA36BADC72D25F8F /* [CP] Check Pods Manifest.lock */,
				BE63E6BC1F3DEF8D00E6CC48 /* Sources */,
				BE63E6BD1F3DEF8D00E6CC48 /* Frameworks */,
				BE63E6BE1F3DEF8D00E6CC48 /* Resources */,
				F48E5B7642F658F5762E0D4C /* [CP] Embed Pods Frameworks */,
				4880E3A3D3A97AB125FECF66 /* [CP] Copy Pods Resources */,
			);
			buildRules = (
			);
			dependencies = (
			);
			name = MeiXun;
			productName = MeiXun;
			productReference = BE63E6C01F3DEF8D00E6CC48 /* MeiXun.app */;
			productType = "com.apple.product-type.application";
		};
/* End PBXNativeTarget section */

/* Begin PBXProject section */
		BE63E6B81F3DEF8D00E6CC48 /* Project object */ = {
			isa = PBXProject;
			attributes = {
				LastUpgradeCheck = 0830;
				ORGANIZATIONNAME = taotao;
				TargetAttributes = {
					BE63E6BF1F3DEF8D00E6CC48 = {
						CreatedOnToolsVersion = 8.3.2;
						DevelopmentTeam = UY8D3JBH69;
						ProvisioningStyle = Automatic;
					};
				};
			};
			buildConfigurationList = BE63E6BB1F3DEF8D00E6CC48 /* Build configuration list for PBXProject "MeiXun" */;
			compatibilityVersion = "Xcode 3.2";
			developmentRegion = English;
			hasScannedForEncodings = 0;
			knownRegions = (
				en,
				Base,
				"zh-Hans",
			);
			mainGroup = BE63E6B71F3DEF8D00E6CC48;
			productRefGroup = BE63E6C11F3DEF8D00E6CC48 /* Products */;
			projectDirPath = "";
			projectRoot = "";
			targets = (
				BE63E6BF1F3DEF8D00E6CC48 /* MeiXun */,
			);
		};
/* End PBXProject section */

/* Begin PBXResourcesBuildPhase section */
		BE63E6BE1F3DEF8D00E6CC48 /* Resources */ = {
			isa = PBXResourcesBuildPhase;
			buildActionMask = 2147483647;
			files = (
				BE2A77C91F43351100FDD1BD /* MKeyboard.xib in Resources */,
				BE63E6FA1F3DF30A00E6CC48 /* Login.storyboard in Resources */,
				BE63E6D31F3DEF8D00E6CC48 /* LaunchScreen.storyboard in Resources */,
				BE63E6D01F3DEF8D00E6CC48 /* Assets.xcassets in Resources */,
				BE2A77D11F433D6300FDD1BD /* MNumbers.xib in Resources */,
				BE63E6CE1F3DEF8D00E6CC48 /* Main.storyboard in Resources */,
				BEBD69951F3EE0270062AA36 /* InfoPlist.strings in Resources */,
			);
			runOnlyForDeploymentPostprocessing = 0;
		};
/* End PBXResourcesBuildPhase section */

/* Begin PBXShellScriptBuildPhase section */
		282EA07CEA36BADC72D25F8F /* [CP] Check Pods Manifest.lock */ = {
			isa = PBXShellScriptBuildPhase;
			buildActionMask = 2147483647;
			files = (
			);
			inputPaths = (
			);
			name = "[CP] Check Pods Manifest.lock";
			outputPaths = (
			);
			runOnlyForDeploymentPostprocessing = 0;
			shellPath = /bin/sh;
			shellScript = "diff \"${PODS_ROOT}/../Podfile.lock\" \"${PODS_ROOT}/Manifest.lock\" > /dev/null\nif [ $? != 0 ] ; then\n    # print error to STDERR\n    echo \"error: The sandbox is not in sync with the Podfile.lock. Run 'pod install' or update your CocoaPods installation.\" >&2\n    exit 1\nfi\n";
			showEnvVarsInLog = 0;
		};
		4880E3A3D3A97AB125FECF66 /* [CP] Copy Pods Resources */ = {
			isa = PBXShellScriptBuildPhase;
			buildActionMask = 2147483647;
			files = (
			);
			inputPaths = (
			);
			name = "[CP] Copy Pods Resources";
			outputPaths = (
			);
			runOnlyForDeploymentPostprocessing = 0;
			shellPath = /bin/sh;
			shellScript = "\"${SRCROOT}/Pods/Target Support Files/Pods-MeiXun/Pods-MeiXun-resources.sh\"\n";
			showEnvVarsInLog = 0;
		};
		F48E5B7642F658F5762E0D4C /* [CP] Embed Pods Frameworks */ = {
			isa = PBXShellScriptBuildPhase;
			buildActionMask = 2147483647;
			files = (
			);
			inputPaths = (
			);
			name = "[CP] Embed Pods Frameworks";
			outputPaths = (
			);
			runOnlyForDeploymentPostprocessing = 0;
			shellPath = /bin/sh;
			shellScript = "\"${SRCROOT}/Pods/Target Support Files/Pods-MeiXun/Pods-MeiXun-frameworks.sh\"\n";
			showEnvVarsInLog = 0;
		};
/* End PBXShellScriptBuildPhase section */

/* Begin PBXSourcesBuildPhase section */
		BE63E6BC1F3DEF8D00E6CC48 /* Sources */ = {
			isa = PBXSourcesBuildPhase;
			buildActionMask = 2147483647;
			files = (
				BE63E6FD1F3DFB0800E6CC48 /* AccTableVieController.m in Sources */,
				BEE23B8B1F408C0A00BAA66E /* AccSettingTableViewController.m in Sources */,
				BEBD698C1F3ED9610062AA36 /* LoginCodeTableViewController.m in Sources */,
				BE82B9691F40A040000DE786 /* ModifyPwdTableViewController.m in Sources */,
				BE2A77C51F432B6A00FDD1BD /* MTabbarController.m in Sources */,
				BEF9FC4B1F41D8ED00469DB3 /* MoreTableViewController.m in Sources */,
				BE63E6C51F3DEF8D00E6CC48 /* main.m in Sources */,
				BEE23B881F404DF700BAA66E /* MeTableViewController.m in Sources */,
				BE2A77CC1F43363400FDD1BD /* MKeyboard.m in Sources */,
				BEF9FC511F41E04500469DB3 /* FeedbackTableViewController.m in Sources */,
				BEE23B821F4006A800BAA66E /* MAccModel.m in Sources */,
				BE2A77D01F433D6300FDD1BD /* MNumbers.m in Sources */,
				BEF9FC4E1F41DC5900469DB3 /* AboutUsViewController.m in Sources */,
				BE2A77D51F433E0400FDD1BD /* UIView+PositionExt.m in Sources */,
				BEE23B851F40087200BAA66E /* MDataUtil.m in Sources */,
				BEF9FC541F41E11300469DB3 /* BindingAccTableViewController.m in Sources */,
				BEE23B7E1F3FF70F00BAA66E /* EnterPwdTableViewController.m in Sources */,
				BE2A77C11F432AE900FDD1BD /* DialogTableViewController.m in Sources */,
				BEF9FC571F41E15700469DB3 /* ChagneAccTableViewController.m in Sources */,
				BE63E6EB1F3DF28F00E6CC48 /* AppDelegate.m in Sources */,
			);
			runOnlyForDeploymentPostprocessing = 0;
		};
/* End PBXSourcesBuildPhase section */

/* Begin PBXVariantGroup section */
		BE63E6CC1F3DEF8D00E6CC48 /* Main.storyboard */ = {
			isa = PBXVariantGroup;
			children = (
				BE63E6CD1F3DEF8D00E6CC48 /* Base */,
				BEBD69911F3EDFA60062AA36 /* zh-Hans */,
			);
			name = Main.storyboard;
			sourceTree = "<group>";
		};
		BE63E6D11F3DEF8D00E6CC48 /* LaunchScreen.storyboard */ = {
			isa = PBXVariantGroup;
			children = (
				BE63E6D21F3DEF8D00E6CC48 /* Base */,
				BEBD69921F3EDFA70062AA36 /* zh-Hans */,
			);
			name = LaunchScreen.storyboard;
			sourceTree = "<group>";
		};
		BEBD69971F3EE0270062AA36 /* InfoPlist.strings */ = {
			isa = PBXVariantGroup;
			children = (
				BEBD69961F3EE0270062AA36 /* en */,
				BEBD69981F3EE02B0062AA36 /* Base */,
				BEBD69991F3EE02C0062AA36 /* zh-Hans */,
			);
			name = InfoPlist.strings;
			sourceTree = "<group>";
		};
/* End PBXVariantGroup section */

/* Begin XCBuildConfiguration section */
		BE63E6D51F3DEF8D00E6CC48 /* Debug */ = {
			isa = XCBuildConfiguration;
			buildSettings = {
				ALWAYS_SEARCH_USER_PATHS = NO;
				CLANG_ANALYZER_LOCALIZABILITY_NONLOCALIZED = YES;
				CLANG_ANALYZER_NONNULL = YES;
				CLANG_ANALYZER_NUMBER_OBJECT_CONVERSION = YES_AGGRESSIVE;
				CLANG_CXX_LANGUAGE_STANDARD = "gnu++0x";
				CLANG_CXX_LIBRARY = "libc++";
				CLANG_ENABLE_MODULES = YES;
				CLANG_ENABLE_OBJC_ARC = YES;
				CLANG_WARN_BOOL_CONVERSION = YES;
				CLANG_WARN_CONSTANT_CONVERSION = YES;
				CLANG_WARN_DIRECT_OBJC_ISA_USAGE = YES_ERROR;
				CLANG_WARN_DOCUMENTATION_COMMENTS = YES;
				CLANG_WARN_EMPTY_BODY = YES;
				CLANG_WARN_ENUM_CONVERSION = YES;
				CLANG_WARN_INFINITE_RECURSION = YES;
				CLANG_WARN_INT_CONVERSION = YES;
				CLANG_WARN_OBJC_ROOT_CLASS = YES_ERROR;
				CLANG_WARN_SUSPICIOUS_MOVE = YES;
				CLANG_WARN_UNREACHABLE_CODE = YES;
				CLANG_WARN__DUPLICATE_METHOD_MATCH = YES;
				"CODE_SIGN_IDENTITY[sdk=iphoneos*]" = "iPhone Developer";
				COPY_PHASE_STRIP = NO;
				DEBUG_INFORMATION_FORMAT = dwarf;
				ENABLE_STRICT_OBJC_MSGSEND = YES;
				ENABLE_TESTABILITY = YES;
				GCC_C_LANGUAGE_STANDARD = gnu99;
				GCC_DYNAMIC_NO_PIC = NO;
				GCC_NO_COMMON_BLOCKS = YES;
				GCC_OPTIMIZATION_LEVEL = 0;
				GCC_PREPROCESSOR_DEFINITIONS = (
					"DEBUG=1",
					"$(inherited)",
				);
				GCC_WARN_64_TO_32_BIT_CONVERSION = YES;
				GCC_WARN_ABOUT_RETURN_TYPE = YES_ERROR;
				GCC_WARN_UNDECLARED_SELECTOR = YES;
				GCC_WARN_UNINITIALIZED_AUTOS = YES_AGGRESSIVE;
				GCC_WARN_UNUSED_FUNCTION = YES;
				GCC_WARN_UNUSED_VARIABLE = YES;
				IPHONEOS_DEPLOYMENT_TARGET = 10.3;
				MTL_ENABLE_DEBUG_INFO = YES;
				ONLY_ACTIVE_ARCH = YES;
				SDKROOT = iphoneos;
			};
			name = Debug;
		};
		BE63E6D61F3DEF8D00E6CC48 /* Release */ = {
			isa = XCBuildConfiguration;
			buildSettings = {
				ALWAYS_SEARCH_USER_PATHS = NO;
				CLANG_ANALYZER_LOCALIZABILITY_NONLOCALIZED = YES;
				CLANG_ANALYZER_NONNULL = YES;
				CLANG_ANALYZER_NUMBER_OBJECT_CONVERSION = YES_AGGRESSIVE;
				CLANG_CXX_LANGUAGE_STANDARD = "gnu++0x";
				CLANG_CXX_LIBRARY = "libc++";
				CLANG_ENABLE_MODULES = YES;
				CLANG_ENABLE_OBJC_ARC = YES;
				CLANG_WARN_BOOL_CONVERSION = YES;
				CLANG_WARN_CONSTANT_CONVERSION = YES;
				CLANG_WARN_DIRECT_OBJC_ISA_USAGE = YES_ERROR;
				CLANG_WARN_DOCUMENTATION_COMMENTS = YES;
				CLANG_WARN_EMPTY_BODY = YES;
				CLANG_WARN_ENUM_CONVERSION = YES;
				CLANG_WARN_INFINITE_RECURSION = YES;
				CLANG_WARN_INT_CONVERSION = YES;
				CLANG_WARN_OBJC_ROOT_CLASS = YES_ERROR;
				CLANG_WARN_SUSPICIOUS_MOVE = YES;
				CLANG_WARN_UNREACHABLE_CODE = YES;
				CLANG_WARN__DUPLICATE_METHOD_MATCH = YES;
				"CODE_SIGN_IDENTITY[sdk=iphoneos*]" = "iPhone Developer";
				COPY_PHASE_STRIP = NO;
				DEBUG_INFORMATION_FORMAT = "dwarf-with-dsym";
				ENABLE_NS_ASSERTIONS = NO;
				ENABLE_STRICT_OBJC_MSGSEND = YES;
				GCC_C_LANGUAGE_STANDARD = gnu99;
				GCC_NO_COMMON_BLOCKS = YES;
				GCC_WARN_64_TO_32_BIT_CONVERSION = YES;
				GCC_WARN_ABOUT_RETURN_TYPE = YES_ERROR;
				GCC_WARN_UNDECLARED_SELECTOR = YES;
				GCC_WARN_UNINITIALIZED_AUTOS = YES_AGGRESSIVE;
				GCC_WARN_UNUSED_FUNCTION = YES;
				GCC_WARN_UNUSED_VARIABLE = YES;
				IPHONEOS_DEPLOYMENT_TARGET = 10.3;
				MTL_ENABLE_DEBUG_INFO = NO;
				SDKROOT = iphoneos;
				VALIDATE_PRODUCT = YES;
			};
			name = Release;
		};
		BE63E6D81F3DEF8D00E6CC48 /* Debug */ = {
			isa = XCBuildConfiguration;
			baseConfigurationReference = 4984CF8DB189A6F5E092B49C /* Pods-MeiXun.debug.xcconfig */;
			buildSettings = {
				ASSETCATALOG_COMPILER_APPICON_NAME = AppIcon;
				DEVELOPMENT_TEAM = UY8D3JBH69;
				GCC_PREFIX_HEADER = "$(SRCROOT)/MeiXun/MXPrefixHeader.pch";
				INFOPLIST_FILE = MeiXun/Info.plist;
				IPHONEOS_DEPLOYMENT_TARGET = 8.0;
				LD_RUNPATH_SEARCH_PATHS = "$(inherited) @executable_path/Frameworks";
				PRODUCT_BUNDLE_IDENTIFIER = com.mei.MeiXun;
				PRODUCT_NAME = "$(TARGET_NAME)";
			};
			name = Debug;
		};
		BE63E6D91F3DEF8D00E6CC48 /* Release */ = {
			isa = XCBuildConfiguration;
			baseConfigurationReference = A360D35DA78737F4678F2B94 /* Pods-MeiXun.release.xcconfig */;
			buildSettings = {
				ASSETCATALOG_COMPILER_APPICON_NAME = AppIcon;
				DEVELOPMENT_TEAM = UY8D3JBH69;
				GCC_PREFIX_HEADER = "$(SRCROOT)/MeiXun/MXPrefixHeader.pch";
				INFOPLIST_FILE = MeiXun/Info.plist;
				IPHONEOS_DEPLOYMENT_TARGET = 8.0;
				LD_RUNPATH_SEARCH_PATHS = "$(inherited) @executable_path/Frameworks";
				PRODUCT_BUNDLE_IDENTIFIER = com.mei.MeiXun;
				PRODUCT_NAME = "$(TARGET_NAME)";
			};
			name = Release;
		};
/* End XCBuildConfiguration section */

/* Begin XCConfigurationList section */
		BE63E6BB1F3DEF8D00E6CC48 /* Build configuration list for PBXProject "MeiXun" */ = {
			isa = XCConfigurationList;
			buildConfigurations = (
				BE63E6D51F3DEF8D00E6CC48 /* Debug */,
				BE63E6D61F3DEF8D00E6CC48 /* Release */,
			);
			defaultConfigurationIsVisible = 0;
			defaultConfigurationName = Release;
		};
		BE63E6D71F3DEF8D00E6CC48 /* Build configuration list for PBXNativeTarget "MeiXun" */ = {
			isa = XCConfigurationList;
			buildConfigurations = (
				BE63E6D81F3DEF8D00E6CC48 /* Debug */,
				BE63E6D91F3DEF8D00E6CC48 /* Release */,
			);
			defaultConfigurationIsVisible = 0;
			defaultConfigurationName = Release;
		};
/* End XCConfigurationList section */
	};
	rootObject = BE63E6B81F3DEF8D00E6CC48 /* Project object */;
}
