// !$*UTF8*$!
{
	archiveVersion = 1;
	classes = {
	};
	objectVersion = 46;
	objects = {

/* Begin PBXBuildFile section */
		6B93A1E07252B2FC99D6F25B /* libPods-MeiXun.a in Frameworks */ = {isa = PBXBuildFile; fileRef = D081C6F2FBBC9F12F548BE92 /* libPods-MeiXun.a */; };
		BE14D5AA1F4FB5A10037F988 /* GTMBase64.m in Sources */ = {isa = PBXBuildFile; fileRef = BE14D5A41F4FB5A10037F988 /* GTMBase64.m */; };
		BE14D5AB1F4FB5A10037F988 /* NSData+AES.m in Sources */ = {isa = PBXBuildFile; fileRef = BE14D5A71F4FB5A10037F988 /* NSData+AES.m */; };
		BE14D5AC1F4FB5A10037F988 /* SecurityUtil.m in Sources */ = {isa = PBXBuildFile; fileRef = BE14D5A91F4FB5A10037F988 /* SecurityUtil.m */; };
		BE1A3D851F57E00E008D74F7 /* MProductButton.m in Sources */ = {isa = PBXBuildFile; fileRef = BE1A3D841F57E00E008D74F7 /* MProductButton.m */; };
		BE2A77C11F432AE900FDD1BD /* DialogTableViewController.m in Sources */ = {isa = PBXBuildFile; fileRef = BE2A77C01F432AE900FDD1BD /* DialogTableViewController.m */; };
		BE2A77C51F432B6A00FDD1BD /* MTabbarController.m in Sources */ = {isa = PBXBuildFile; fileRef = BE2A77C41F432B6A00FDD1BD /* MTabbarController.m */; };
		BE2A77C91F43351100FDD1BD /* MKeyboard.xib in Resources */ = {isa = PBXBuildFile; fileRef = BE2A77C81F43351100FDD1BD /* MKeyboard.xib */; };
		BE2A77CC1F43363400FDD1BD /* MKeyboard.m in Sources */ = {isa = PBXBuildFile; fileRef = BE2A77CB1F43363400FDD1BD /* MKeyboard.m */; };
		BE2A77D01F433D6300FDD1BD /* MNumbers.m in Sources */ = {isa = PBXBuildFile; fileRef = BE2A77CE1F433D6300FDD1BD /* MNumbers.m */; };
		BE2A77D11F433D6300FDD1BD /* MNumbers.xib in Resources */ = {isa = PBXBuildFile; fileRef = BE2A77CF1F433D6300FDD1BD /* MNumbers.xib */; };
		BE2A77D51F433E0400FDD1BD /* UIView+PositionExt.m in Sources */ = {isa = PBXBuildFile; fileRef = BE2A77D41F433E0400FDD1BD /* UIView+PositionExt.m */; };
		BE3951661F46BE0300872662 /* ChineseToPinyinResource.m in Sources */ = {isa = PBXBuildFile; fileRef = BE39515A1F46BE0300872662 /* ChineseToPinyinResource.m */; };
		BE3951671F46BE0300872662 /* HanyuPinyinOutputFormat.m in Sources */ = {isa = PBXBuildFile; fileRef = BE39515C1F46BE0300872662 /* HanyuPinyinOutputFormat.m */; };
		BE3951681F46BE0300872662 /* NSString+PinYin4Cocoa.m in Sources */ = {isa = PBXBuildFile; fileRef = BE39515E1F46BE0300872662 /* NSString+PinYin4Cocoa.m */; };
		BE3951691F46BE0300872662 /* PinyinFormatter.m in Sources */ = {isa = PBXBuildFile; fileRef = BE3951611F46BE0300872662 /* PinyinFormatter.m */; };
		BE39516A1F46BE0300872662 /* PinyinHelper.m in Sources */ = {isa = PBXBuildFile; fileRef = BE3951631F46BE0300872662 /* PinyinHelper.m */; };
		BE39516B1F46BE0300872662 /* unicode_to_hanyu_pinyin.txt in Resources */ = {isa = PBXBuildFile; fileRef = BE3951651F46BE0300872662 /* unicode_to_hanyu_pinyin.txt */; };
		BE39516F1F46C00A00872662 /* PersonModel.m in Sources */ = {isa = PBXBuildFile; fileRef = BE39516E1F46C00A00872662 /* PersonModel.m */; };
		BE3951721F46C22E00872662 /* NSString+Extension.m in Sources */ = {isa = PBXBuildFile; fileRef = BE3951711F46C22E00872662 /* NSString+Extension.m */; };
		BE3951B01F46D72900872662 /* ContactsTableViewController.m in Sources */ = {isa = PBXBuildFile; fileRef = BE3951AF1F46D72900872662 /* ContactsTableViewController.m */; };
		BE3951B41F46D7CB00872662 /* ContactsCell.m in Sources */ = {isa = PBXBuildFile; fileRef = BE3951B21F46D7CB00872662 /* ContactsCell.m */; };
		BE3951B51F46D7CB00872662 /* ContactsCell.xib in Resources */ = {isa = PBXBuildFile; fileRef = BE3951B31F46D7CB00872662 /* ContactsCell.xib */; };
		BE3951B81F47C5C100872662 /* LoadImgOperation.m in Sources */ = {isa = PBXBuildFile; fileRef = BE3951B71F47C5C100872662 /* LoadImgOperation.m */; };
		BE5E9FE61F5BE55100B31681 /* ChargeModel.m in Sources */ = {isa = PBXBuildFile; fileRef = BE5E9FE51F5BE55100B31681 /* ChargeModel.m */; };
		BE5E9FEA1F5BE9A800B31681 /* ChargeCell.m in Sources */ = {isa = PBXBuildFile; fileRef = BE5E9FE81F5BE9A800B31681 /* ChargeCell.m */; };
		BE5E9FEB1F5BE9A800B31681 /* ChargeCell.xib in Resources */ = {isa = PBXBuildFile; fileRef = BE5E9FE91F5BE9A800B31681 /* ChargeCell.xib */; };
		BE63E6C51F3DEF8D00E6CC48 /* main.m in Sources */ = {isa = PBXBuildFile; fileRef = BE63E6C41F3DEF8D00E6CC48 /* main.m */; };
		BE63E6CE1F3DEF8D00E6CC48 /* Main.storyboard in Resources */ = {isa = PBXBuildFile; fileRef = BE63E6CC1F3DEF8D00E6CC48 /* Main.storyboard */; };
		BE63E6D01F3DEF8D00E6CC48 /* Assets.xcassets in Resources */ = {isa = PBXBuildFile; fileRef = BE63E6CF1F3DEF8D00E6CC48 /* Assets.xcassets */; };
		BE63E6D31F3DEF8D00E6CC48 /* LaunchScreen.storyboard in Resources */ = {isa = PBXBuildFile; fileRef = BE63E6D11F3DEF8D00E6CC48 /* LaunchScreen.storyboard */; };
		BE63E6EB1F3DF28F00E6CC48 /* AppDelegate.m in Sources */ = {isa = PBXBuildFile; fileRef = BE63E6EA1F3DF28F00E6CC48 /* AppDelegate.m */; };
		BE63E6FA1F3DF30A00E6CC48 /* Login.storyboard in Resources */ = {isa = PBXBuildFile; fileRef = BE63E6F91F3DF30A00E6CC48 /* Login.storyboard */; };
		BE63E6FD1F3DFB0800E6CC48 /* AccTableVieController.m in Sources */ = {isa = PBXBuildFile; fileRef = BE63E6FC1F3DFB0800E6CC48 /* AccTableVieController.m */; };
		BE82B9691F40A040000DE786 /* ModifyPwdTableViewController.m in Sources */ = {isa = PBXBuildFile; fileRef = BE82B9681F40A040000DE786 /* ModifyPwdTableViewController.m */; };
		BE8E0B3D1F57E54D00E4B86A /* UIImage+Extension.m in Sources */ = {isa = PBXBuildFile; fileRef = BE8E0B3C1F57E54D00E4B86A /* UIImage+Extension.m */; };
		BE8E0B401F57F28200E4B86A /* IAPTableViewController.m in Sources */ = {isa = PBXBuildFile; fileRef = BE8E0B3F1F57F28200E4B86A /* IAPTableViewController.m */; };
		BE8E0B441F5910C800E4B86A /* StoreKit.framework in Frameworks */ = {isa = PBXBuildFile; fileRef = BE8E0B431F5910C800E4B86A /* StoreKit.framework */; };
		BE8E0B471F5AB80500E4B86A /* MchargeListHeader.m in Sources */ = {isa = PBXBuildFile; fileRef = BE8E0B461F5AB80500E4B86A /* MchargeListHeader.m */; };
		BE8E0B4A1F5AB8BA00E4B86A /* ChargeListTableViewController.m in Sources */ = {isa = PBXBuildFile; fileRef = BE8E0B491F5AB8BA00E4B86A /* ChargeListTableViewController.m */; };
		BE96502C1F4CF0BC004395D2 /* ADViewController.m in Sources */ = {isa = PBXBuildFile; fileRef = BE96502A1F4CF0BC004395D2 /* ADViewController.m */; };
		BE96502D1F4CF0BC004395D2 /* ADViewController.xib in Resources */ = {isa = PBXBuildFile; fileRef = BE96502B1F4CF0BC004395D2 /* ADViewController.xib */; };
		BEBD698C1F3ED9610062AA36 /* LoginCodeTableViewController.m in Sources */ = {isa = PBXBuildFile; fileRef = BEBD698B1F3ED9610062AA36 /* LoginCodeTableViewController.m */; };
		BEBD69951F3EE0270062AA36 /* InfoPlist.strings in Resources */ = {isa = PBXBuildFile; fileRef = BEBD69971F3EE0270062AA36 /* InfoPlist.strings */; };
		BECC6DAC1F5BDFC600D9ED37 /* MeViewModel.m in Sources */ = {isa = PBXBuildFile; fileRef = BECC6DAB1F5BDFC600D9ED37 /* MeViewModel.m */; };
		BEE23B7E1F3FF70F00BAA66E /* EnterPwdTableViewController.m in Sources */ = {isa = PBXBuildFile; fileRef = BEE23B7D1F3FF70F00BAA66E /* EnterPwdTableViewController.m */; };
		BEE23B821F4006A800BAA66E /* MAccModel.m in Sources */ = {isa = PBXBuildFile; fileRef = BEE23B811F4006A800BAA66E /* MAccModel.m */; };
		BEE23B851F40087200BAA66E /* MDataUtil.m in Sources */ = {isa = PBXBuildFile; fileRef = BEE23B841F40087200BAA66E /* MDataUtil.m */; };
		BEE23B881F404DF700BAA66E /* MeTableViewController.m in Sources */ = {isa = PBXBuildFile; fileRef = BEE23B871F404DF700BAA66E /* MeTableViewController.m */; };
		BEE23B8B1F408C0A00BAA66E /* AccSettingTableViewController.m in Sources */ = {isa = PBXBuildFile; fileRef = BEE23B8A1F408C0A00BAA66E /* AccSettingTableViewController.m */; };
		BEED88F51F43EE310068D948 /* MNetworkUtil.m in Sources */ = {isa = PBXBuildFile; fileRef = BEED88F41F43EE310068D948 /* MNetworkUtil.m */; };
		BEED88F91F44254B0068D948 /* LoginViewModel.m in Sources */ = {isa = PBXBuildFile; fileRef = BEED88F81F44254B0068D948 /* LoginViewModel.m */; };
		BEF6ADF61F4DD75900F7A2E6 /* CallingViewController.m in Sources */ = {isa = PBXBuildFile; fileRef = BEF6ADF41F4DD75900F7A2E6 /* CallingViewController.m */; };
		BEF6ADF71F4DD75900F7A2E6 /* CallingViewController.xib in Resources */ = {isa = PBXBuildFile; fileRef = BEF6ADF51F4DD75900F7A2E6 /* CallingViewController.xib */; };
		BEF869AB1F4BBFF500F5E08F /* MDataManagerUtil.m in Sources */ = {isa = PBXBuildFile; fileRef = BEF869AA1F4BBFF500F5E08F /* MDataManagerUtil.m */; };
		BEF869AD1F4BDAD400F5E08F /* callHomeDB.db in Resources */ = {isa = PBXBuildFile; fileRef = BEF869AC1F4BDAD400F5E08F /* callHomeDB.db */; };
		BEF869B11F4BF9F800F5E08F /* RecordModel.m in Sources */ = {isa = PBXBuildFile; fileRef = BEF869B01F4BF9F800F5E08F /* RecordModel.m */; };
		BEF869B51F4C84A100F5E08F /* RecordCell.m in Sources */ = {isa = PBXBuildFile; fileRef = BEF869B31F4C84A100F5E08F /* RecordCell.m */; };
		BEF869B61F4C84A100F5E08F /* RecordCell.xib in Resources */ = {isa = PBXBuildFile; fileRef = BEF869B41F4C84A100F5E08F /* RecordCell.xib */; };
		BEF9FC4B1F41D8ED00469DB3 /* MoreTableViewController.m in Sources */ = {isa = PBXBuildFile; fileRef = BEF9FC4A1F41D8ED00469DB3 /* MoreTableViewController.m */; };
		BEF9FC4E1F41DC5900469DB3 /* AboutUsViewController.m in Sources */ = {isa = PBXBuildFile; fileRef = BEF9FC4D1F41DC5900469DB3 /* AboutUsViewController.m */; };
		BEF9FC511F41E04500469DB3 /* FeedbackTableViewController.m in Sources */ = {isa = PBXBuildFile; fileRef = BEF9FC501F41E04500469DB3 /* FeedbackTableViewController.m */; };
		BEF9FC541F41E11300469DB3 /* BindingAccTableViewController.m in Sources */ = {isa = PBXBuildFile; fileRef = BEF9FC531F41E11300469DB3 /* BindingAccTableViewController.m */; };
		BEF9FC571F41E15700469DB3 /* ChagneAccTableViewController.m in Sources */ = {isa = PBXBuildFile; fileRef = BEF9FC561F41E15700469DB3 /* ChagneAccTableViewController.m */; };
/* End PBXBuildFile section */

/* Begin PBXFileReference section */
		4984CF8DB189A6F5E092B49C /* Pods-MeiXun.debug.xcconfig */ = {isa = PBXFileReference; includeInIndex = 1; lastKnownFileType = text.xcconfig; name = "Pods-MeiXun.debug.xcconfig"; path = "Pods/Target Support Files/Pods-MeiXun/Pods-MeiXun.debug.xcconfig"; sourceTree = "<group>"; };
		A360D35DA78737F4678F2B94 /* Pods-MeiXun.release.xcconfig */ = {isa = PBXFileReference; includeInIndex = 1; lastKnownFileType = text.xcconfig; name = "Pods-MeiXun.release.xcconfig"; path = "Pods/Target Support Files/Pods-MeiXun/Pods-MeiXun.release.xcconfig"; sourceTree = "<group>"; };
		BE14D5A31F4FB5A10037F988 /* GTMBase64.h */ = {isa = PBXFileReference; fileEncoding = 4; lastKnownFileType = sourcecode.c.h; path = GTMBase64.h; sourceTree = "<group>"; };
		BE14D5A41F4FB5A10037F988 /* GTMBase64.m */ = {isa = PBXFileReference; fileEncoding = 4; lastKnownFileType = sourcecode.c.objc; path = GTMBase64.m; sourceTree = "<group>"; };
		BE14D5A51F4FB5A10037F988 /* GTMDefines.h */ = {isa = PBXFileReference; fileEncoding = 4; lastKnownFileType = sourcecode.c.h; path = GTMDefines.h; sourceTree = "<group>"; };
		BE14D5A61F4FB5A10037F988 /* NSData+AES.h */ = {isa = PBXFileReference; fileEncoding = 4; lastKnownFileType = sourcecode.c.h; path = "NSData+AES.h"; sourceTree = "<group>"; };
		BE14D5A71F4FB5A10037F988 /* NSData+AES.m */ = {isa = PBXFileReference; fileEncoding = 4; lastKnownFileType = sourcecode.c.objc; path = "NSData+AES.m"; sourceTree = "<group>"; };
		BE14D5A81F4FB5A10037F988 /* SecurityUtil.h */ = {isa = PBXFileReference; fileEncoding = 4; lastKnownFileType = sourcecode.c.h; path = SecurityUtil.h; sourceTree = "<group>"; };
		BE14D5A91F4FB5A10037F988 /* SecurityUtil.m */ = {isa = PBXFileReference; fileEncoding = 4; lastKnownFileType = sourcecode.c.objc; path = SecurityUtil.m; sourceTree = "<group>"; };
		BE1A3D831F57E00E008D74F7 /* MProductButton.h */ = {isa = PBXFileReference; fileEncoding = 4; lastKnownFileType = sourcecode.c.h; path = MProductButton.h; sourceTree = "<group>"; };
		BE1A3D841F57E00E008D74F7 /* MProductButton.m */ = {isa = PBXFileReference; fileEncoding = 4; lastKnownFileType = sourcecode.c.objc; path = MProductButton.m; sourceTree = "<group>"; };
		BE2A77BF1F432AE900FDD1BD /* DialogTableViewController.h */ = {isa = PBXFileReference; fileEncoding = 4; lastKnownFileType = sourcecode.c.h; path = DialogTableViewController.h; sourceTree = "<group>"; };
		BE2A77C01F432AE900FDD1BD /* DialogTableViewController.m */ = {isa = PBXFileReference; fileEncoding = 4; lastKnownFileType = sourcecode.c.objc; path = DialogTableViewController.m; sourceTree = "<group>"; };
		BE2A77C31F432B6A00FDD1BD /* MTabbarController.h */ = {isa = PBXFileReference; fileEncoding = 4; lastKnownFileType = sourcecode.c.h; path = MTabbarController.h; sourceTree = "<group>"; };
		BE2A77C41F432B6A00FDD1BD /* MTabbarController.m */ = {isa = PBXFileReference; fileEncoding = 4; lastKnownFileType = sourcecode.c.objc; path = MTabbarController.m; sourceTree = "<group>"; };
		BE2A77C61F432BB900FDD1BD /* MKeys.h */ = {isa = PBXFileReference; fileEncoding = 4; lastKnownFileType = sourcecode.c.h; path = MKeys.h; sourceTree = "<group>"; };
		BE2A77C81F43351100FDD1BD /* MKeyboard.xib */ = {isa = PBXFileReference; fileEncoding = 4; lastKnownFileType = file.xib; path = MKeyboard.xib; sourceTree = "<group>"; };
		BE2A77CA1F43363400FDD1BD /* MKeyboard.h */ = {isa = PBXFileReference; fileEncoding = 4; lastKnownFileType = sourcecode.c.h; path = MKeyboard.h; sourceTree = "<group>"; };
		BE2A77CB1F43363400FDD1BD /* MKeyboard.m */ = {isa = PBXFileReference; fileEncoding = 4; lastKnownFileType = sourcecode.c.objc; path = MKeyboard.m; sourceTree = "<group>"; };
		BE2A77CD1F433D6300FDD1BD /* MNumbers.h */ = {isa = PBXFileReference; fileEncoding = 4; lastKnownFileType = sourcecode.c.h; path = MNumbers.h; sourceTree = "<group>"; };
		BE2A77CE1F433D6300FDD1BD /* MNumbers.m */ = {isa = PBXFileReference; fileEncoding = 4; lastKnownFileType = sourcecode.c.objc; path = MNumbers.m; sourceTree = "<group>"; };
		BE2A77CF1F433D6300FDD1BD /* MNumbers.xib */ = {isa = PBXFileReference; fileEncoding = 4; lastKnownFileType = file.xib; path = MNumbers.xib; sourceTree = "<group>"; };
		BE2A77D31F433E0400FDD1BD /* UIView+PositionExt.h */ = {isa = PBXFileReference; fileEncoding = 4; lastKnownFileType = sourcecode.c.h; path = "UIView+PositionExt.h"; sourceTree = "<group>"; };
		BE2A77D41F433E0400FDD1BD /* UIView+PositionExt.m */ = {isa = PBXFileReference; fileEncoding = 4; lastKnownFileType = sourcecode.c.objc; path = "UIView+PositionExt.m"; sourceTree = "<group>"; };
		BE3951591F46BE0300872662 /* ChineseToPinyinResource.h */ = {isa = PBXFileReference; fileEncoding = 4; lastKnownFileType = sourcecode.c.h; path = ChineseToPinyinResource.h; sourceTree = "<group>"; };
		BE39515A1F46BE0300872662 /* ChineseToPinyinResource.m */ = {isa = PBXFileReference; fileEncoding = 4; lastKnownFileType = sourcecode.c.objc; path = ChineseToPinyinResource.m; sourceTree = "<group>"; };
		BE39515B1F46BE0300872662 /* HanyuPinyinOutputFormat.h */ = {isa = PBXFileReference; fileEncoding = 4; lastKnownFileType = sourcecode.c.h; path = HanyuPinyinOutputFormat.h; sourceTree = "<group>"; };
		BE39515C1F46BE0300872662 /* HanyuPinyinOutputFormat.m */ = {isa = PBXFileReference; fileEncoding = 4; lastKnownFileType = sourcecode.c.objc; path = HanyuPinyinOutputFormat.m; sourceTree = "<group>"; };
		BE39515D1F46BE0300872662 /* NSString+PinYin4Cocoa.h */ = {isa = PBXFileReference; fileEncoding = 4; lastKnownFileType = sourcecode.c.h; path = "NSString+PinYin4Cocoa.h"; sourceTree = "<group>"; };
		BE39515E1F46BE0300872662 /* NSString+PinYin4Cocoa.m */ = {isa = PBXFileReference; fileEncoding = 4; lastKnownFileType = sourcecode.c.objc; path = "NSString+PinYin4Cocoa.m"; sourceTree = "<group>"; };
		BE39515F1F46BE0300872662 /* PinYin4Objc.h */ = {isa = PBXFileReference; fileEncoding = 4; lastKnownFileType = sourcecode.c.h; path = PinYin4Objc.h; sourceTree = "<group>"; };
		BE3951601F46BE0300872662 /* PinyinFormatter.h */ = {isa = PBXFileReference; fileEncoding = 4; lastKnownFileType = sourcecode.c.h; path = PinyinFormatter.h; sourceTree = "<group>"; };
		BE3951611F46BE0300872662 /* PinyinFormatter.m */ = {isa = PBXFileReference; fileEncoding = 4; lastKnownFileType = sourcecode.c.objc; path = PinyinFormatter.m; sourceTree = "<group>"; };
		BE3951621F46BE0300872662 /* PinyinHelper.h */ = {isa = PBXFileReference; fileEncoding = 4; lastKnownFileType = sourcecode.c.h; path = PinyinHelper.h; sourceTree = "<group>"; };
		BE3951631F46BE0300872662 /* PinyinHelper.m */ = {isa = PBXFileReference; fileEncoding = 4; lastKnownFileType = sourcecode.c.objc; path = PinyinHelper.m; sourceTree = "<group>"; };
		BE3951651F46BE0300872662 /* unicode_to_hanyu_pinyin.txt */ = {isa = PBXFileReference; fileEncoding = 4; lastKnownFileType = text; path = unicode_to_hanyu_pinyin.txt; sourceTree = "<group>"; };
		BE39516D1F46C00A00872662 /* PersonModel.h */ = {isa = PBXFileReference; fileEncoding = 4; lastKnownFileType = sourcecode.c.h; path = PersonModel.h; sourceTree = "<group>"; };
		BE39516E1F46C00A00872662 /* PersonModel.m */ = {isa = PBXFileReference; fileEncoding = 4; lastKnownFileType = sourcecode.c.objc; path = PersonModel.m; sourceTree = "<group>"; };
		BE3951701F46C22E00872662 /* NSString+Extension.h */ = {isa = PBXFileReference; fileEncoding = 4; lastKnownFileType = sourcecode.c.h; path = "NSString+Extension.h"; sourceTree = "<group>"; };
		BE3951711F46C22E00872662 /* NSString+Extension.m */ = {isa = PBXFileReference; fileEncoding = 4; lastKnownFileType = sourcecode.c.objc; path = "NSString+Extension.m"; sourceTree = "<group>"; };
		BE3951AE1F46D72900872662 /* ContactsTableViewController.h */ = {isa = PBXFileReference; fileEncoding = 4; lastKnownFileType = sourcecode.c.h; path = ContactsTableViewController.h; sourceTree = "<group>"; };
		BE3951AF1F46D72900872662 /* ContactsTableViewController.m */ = {isa = PBXFileReference; fileEncoding = 4; lastKnownFileType = sourcecode.c.objc; path = ContactsTableViewController.m; sourceTree = "<group>"; };
		BE3951B11F46D7CB00872662 /* ContactsCell.h */ = {isa = PBXFileReference; fileEncoding = 4; lastKnownFileType = sourcecode.c.h; path = ContactsCell.h; sourceTree = "<group>"; };
		BE3951B21F46D7CB00872662 /* ContactsCell.m */ = {isa = PBXFileReference; fileEncoding = 4; lastKnownFileType = sourcecode.c.objc; path = ContactsCell.m; sourceTree = "<group>"; };
		BE3951B31F46D7CB00872662 /* ContactsCell.xib */ = {isa = PBXFileReference; fileEncoding = 4; lastKnownFileType = file.xib; path = ContactsCell.xib; sourceTree = "<group>"; };
		BE3951B61F47C5C100872662 /* LoadImgOperation.h */ = {isa = PBXFileReference; fileEncoding = 4; lastKnownFileType = sourcecode.c.h; path = LoadImgOperation.h; sourceTree = "<group>"; };
		BE3951B71F47C5C100872662 /* LoadImgOperation.m */ = {isa = PBXFileReference; fileEncoding = 4; lastKnownFileType = sourcecode.c.objc; path = LoadImgOperation.m; sourceTree = "<group>"; };
		BE5E9FE41F5BE55100B31681 /* ChargeModel.h */ = {isa = PBXFileReference; fileEncoding = 4; lastKnownFileType = sourcecode.c.h; path = ChargeModel.h; sourceTree = "<group>"; };
		BE5E9FE51F5BE55100B31681 /* ChargeModel.m */ = {isa = PBXFileReference; fileEncoding = 4; lastKnownFileType = sourcecode.c.objc; path = ChargeModel.m; sourceTree = "<group>"; };
		BE5E9FE71F5BE9A800B31681 /* ChargeCell.h */ = {isa = PBXFileReference; fileEncoding = 4; lastKnownFileType = sourcecode.c.h; path = ChargeCell.h; sourceTree = "<group>"; };
		BE5E9FE81F5BE9A800B31681 /* ChargeCell.m */ = {isa = PBXFileReference; fileEncoding = 4; lastKnownFileType = sourcecode.c.objc; path = ChargeCell.m; sourceTree = "<group>"; };
		BE5E9FE91F5BE9A800B31681 /* ChargeCell.xib */ = {isa = PBXFileReference; fileEncoding = 4; lastKnownFileType = file.xib; path = ChargeCell.xib; sourceTree = "<group>"; };
		BE63E6C01F3DEF8D00E6CC48 /* MeiXun.app */ = {isa = PBXFileReference; explicitFileType = wrapper.application; includeInIndex = 0; path = MeiXun.app; sourceTree = BUILT_PRODUCTS_DIR; };
		BE63E6C41F3DEF8D00E6CC48 /* main.m */ = {isa = PBXFileReference; lastKnownFileType = sourcecode.c.objc; path = main.m; sourceTree = "<group>"; };
		BE63E6CD1F3DEF8D00E6CC48 /* Base */ = {isa = PBXFileReference; lastKnownFileType = file.storyboard; name = Base; path = Base.lproj/Main.storyboard; sourceTree = "<group>"; };
		BE63E6CF1F3DEF8D00E6CC48 /* Assets.xcassets */ = {isa = PBXFileReference; lastKnownFileType = folder.assetcatalog; path = Assets.xcassets; sourceTree = "<group>"; };
		BE63E6D21F3DEF8D00E6CC48 /* Base */ = {isa = PBXFileReference; lastKnownFileType = file.storyboard; name = Base; path = Base.lproj/LaunchScreen.storyboard; sourceTree = "<group>"; };
		BE63E6D41F3DEF8D00E6CC48 /* Info.plist */ = {isa = PBXFileReference; lastKnownFileType = text.plist.xml; path = Info.plist; sourceTree = "<group>"; };
		BE63E6E91F3DF28F00E6CC48 /* AppDelegate.h */ = {isa = PBXFileReference; fileEncoding = 4; lastKnownFileType = sourcecode.c.h; path = AppDelegate.h; sourceTree = "<group>"; };
		BE63E6EA1F3DF28F00E6CC48 /* AppDelegate.m */ = {isa = PBXFileReference; fileEncoding = 4; lastKnownFileType = sourcecode.c.objc; path = AppDelegate.m; sourceTree = "<group>"; };
		BE63E6F91F3DF30A00E6CC48 /* Login.storyboard */ = {isa = PBXFileReference; fileEncoding = 4; lastKnownFileType = file.storyboard; path = Login.storyboard; sourceTree = "<group>"; };
		BE63E6FB1F3DFB0800E6CC48 /* AccTableVieController.h */ = {isa = PBXFileReference; fileEncoding = 4; lastKnownFileType = sourcecode.c.h; path = AccTableVieController.h; sourceTree = "<group>"; };
		BE63E6FC1F3DFB0800E6CC48 /* AccTableVieController.m */ = {isa = PBXFileReference; fileEncoding = 4; lastKnownFileType = sourcecode.c.objc; path = AccTableVieController.m; sourceTree = "<group>"; };
		BE82B9671F40A040000DE786 /* ModifyPwdTableViewController.h */ = {isa = PBXFileReference; fileEncoding = 4; lastKnownFileType = sourcecode.c.h; path = ModifyPwdTableViewController.h; sourceTree = "<group>"; };
		BE82B9681F40A040000DE786 /* ModifyPwdTableViewController.m */ = {isa = PBXFileReference; fileEncoding = 4; lastKnownFileType = sourcecode.c.objc; path = ModifyPwdTableViewController.m; sourceTree = "<group>"; };
		BE8E0B3B1F57E54D00E4B86A /* UIImage+Extension.h */ = {isa = PBXFileReference; fileEncoding = 4; lastKnownFileType = sourcecode.c.h; path = "UIImage+Extension.h"; sourceTree = "<group>"; };
		BE8E0B3C1F57E54D00E4B86A /* UIImage+Extension.m */ = {isa = PBXFileReference; fileEncoding = 4; lastKnownFileType = sourcecode.c.objc; path = "UIImage+Extension.m"; sourceTree = "<group>"; };
		BE8E0B3E1F57F28200E4B86A /* IAPTableViewController.h */ = {isa = PBXFileReference; fileEncoding = 4; lastKnownFileType = sourcecode.c.h; path = IAPTableViewController.h; sourceTree = "<group>"; };
		BE8E0B3F1F57F28200E4B86A /* IAPTableViewController.m */ = {isa = PBXFileReference; fileEncoding = 4; lastKnownFileType = sourcecode.c.objc; path = IAPTableViewController.m; sourceTree = "<group>"; };
		BE8E0B431F5910C800E4B86A /* StoreKit.framework */ = {isa = PBXFileReference; lastKnownFileType = wrapper.framework; name = StoreKit.framework; path = System/Library/Frameworks/StoreKit.framework; sourceTree = SDKROOT; };
		BE8E0B451F5AB80400E4B86A /* MchargeListHeader.h */ = {isa = PBXFileReference; fileEncoding = 4; lastKnownFileType = sourcecode.c.h; path = MchargeListHeader.h; sourceTree = "<group>"; };
		BE8E0B461F5AB80500E4B86A /* MchargeListHeader.m */ = {isa = PBXFileReference; fileEncoding = 4; lastKnownFileType = sourcecode.c.objc; path = MchargeListHeader.m; sourceTree = "<group>"; };
		BE8E0B481F5AB8BA00E4B86A /* ChargeListTableViewController.h */ = {isa = PBXFileReference; fileEncoding = 4; lastKnownFileType = sourcecode.c.h; path = ChargeListTableViewController.h; sourceTree = "<group>"; };
		BE8E0B491F5AB8BA00E4B86A /* ChargeListTableViewController.m */ = {isa = PBXFileReference; fileEncoding = 4; lastKnownFileType = sourcecode.c.objc; path = ChargeListTableViewController.m; sourceTree = "<group>"; };
		BE9650291F4CF0BC004395D2 /* ADViewController.h */ = {isa = PBXFileReference; fileEncoding = 4; lastKnownFileType = sourcecode.c.h; path = ADViewController.h; sourceTree = "<group>"; };
		BE96502A1F4CF0BC004395D2 /* ADViewController.m */ = {isa = PBXFileReference; fileEncoding = 4; lastKnownFileType = sourcecode.c.objc; path = ADViewController.m; sourceTree = "<group>"; };
		BE96502B1F4CF0BC004395D2 /* ADViewController.xib */ = {isa = PBXFileReference; fileEncoding = 4; lastKnownFileType = file.xib; path = ADViewController.xib; sourceTree = "<group>"; };
		BEBD698A1F3ED9610062AA36 /* LoginCodeTableViewController.h */ = {isa = PBXFileReference; fileEncoding = 4; lastKnownFileType = sourcecode.c.h; path = LoginCodeTableViewController.h; sourceTree = "<group>"; };
		BEBD698B1F3ED9610062AA36 /* LoginCodeTableViewController.m */ = {isa = PBXFileReference; fileEncoding = 4; lastKnownFileType = sourcecode.c.objc; path = LoginCodeTableViewController.m; sourceTree = "<group>"; };
		BEBD698E1F3EDC000062AA36 /* MColor.h */ = {isa = PBXFileReference; lastKnownFileType = sourcecode.c.h; path = MColor.h; sourceTree = "<group>"; };
		BEBD698F1F3EDC2C0062AA36 /* MXPrefixHeader.pch */ = {isa = PBXFileReference; lastKnownFileType = sourcecode.c.h; path = MXPrefixHeader.pch; sourceTree = "<group>"; };
		BEBD69901F3EDD510062AA36 /* MConstant.h */ = {isa = PBXFileReference; fileEncoding = 4; lastKnownFileType = sourcecode.c.h; path = MConstant.h; sourceTree = "<group>"; };
		BEBD69911F3EDFA60062AA36 /* zh-Hans */ = {isa = PBXFileReference; lastKnownFileType = text.plist.strings; name = "zh-Hans"; path = "zh-Hans.lproj/Main.strings"; sourceTree = "<group>"; };
		BEBD69921F3EDFA70062AA36 /* zh-Hans */ = {isa = PBXFileReference; lastKnownFileType = text.plist.strings; name = "zh-Hans"; path = "zh-Hans.lproj/LaunchScreen.strings"; sourceTree = "<group>"; };
		BEBD69961F3EE0270062AA36 /* en */ = {isa = PBXFileReference; lastKnownFileType = text.plist.strings; name = en; path = en.lproj/InfoPlist.strings; sourceTree = "<group>"; };
		BEBD69981F3EE02B0062AA36 /* Base */ = {isa = PBXFileReference; lastKnownFileType = text.plist.strings; name = Base; path = Base.lproj/InfoPlist.strings; sourceTree = "<group>"; };
		BEBD69991F3EE02C0062AA36 /* zh-Hans */ = {isa = PBXFileReference; lastKnownFileType = text.plist.strings; name = "zh-Hans"; path = "zh-Hans.lproj/InfoPlist.strings"; sourceTree = "<group>"; };
		BECC6DAA1F5BDFC600D9ED37 /* MeViewModel.h */ = {isa = PBXFileReference; fileEncoding = 4; lastKnownFileType = sourcecode.c.h; path = MeViewModel.h; sourceTree = "<group>"; };
		BECC6DAB1F5BDFC600D9ED37 /* MeViewModel.m */ = {isa = PBXFileReference; fileEncoding = 4; lastKnownFileType = sourcecode.c.objc; path = MeViewModel.m; sourceTree = "<group>"; };
		BEE23B7C1F3FF70F00BAA66E /* EnterPwdTableViewController.h */ = {isa = PBXFileReference; fileEncoding = 4; lastKnownFileType = sourcecode.c.h; path = EnterPwdTableViewController.h; sourceTree = "<group>"; };
		BEE23B7D1F3FF70F00BAA66E /* EnterPwdTableViewController.m */ = {isa = PBXFileReference; fileEncoding = 4; lastKnownFileType = sourcecode.c.objc; path = EnterPwdTableViewController.m; sourceTree = "<group>"; };
		BEE23B801F4006A800BAA66E /* MAccModel.h */ = {isa = PBXFileReference; fileEncoding = 4; lastKnownFileType = sourcecode.c.h; path = MAccModel.h; sourceTree = "<group>"; };
		BEE23B811F4006A800BAA66E /* MAccModel.m */ = {isa = PBXFileReference; fileEncoding = 4; lastKnownFileType = sourcecode.c.objc; path = MAccModel.m; sourceTree = "<group>"; };
		BEE23B831F40087200BAA66E /* MDataUtil.h */ = {isa = PBXFileReference; fileEncoding = 4; lastKnownFileType = sourcecode.c.h; path = MDataUtil.h; sourceTree = "<group>"; };
		BEE23B841F40087200BAA66E /* MDataUtil.m */ = {isa = PBXFileReference; fileEncoding = 4; lastKnownFileType = sourcecode.c.objc; path = MDataUtil.m; sourceTree = "<group>"; };
		BEE23B861F404DF700BAA66E /* MeTableViewController.h */ = {isa = PBXFileReference; fileEncoding = 4; lastKnownFileType = sourcecode.c.h; path = MeTableViewController.h; sourceTree = "<group>"; };
		BEE23B871F404DF700BAA66E /* MeTableViewController.m */ = {isa = PBXFileReference; fileEncoding = 4; lastKnownFileType = sourcecode.c.objc; path = MeTableViewController.m; sourceTree = "<group>"; };
		BEE23B891F408C0A00BAA66E /* AccSettingTableViewController.h */ = {isa = PBXFileReference; fileEncoding = 4; lastKnownFileType = sourcecode.c.h; path = AccSettingTableViewController.h; sourceTree = "<group>"; };
		BEE23B8A1F408C0A00BAA66E /* AccSettingTableViewController.m */ = {isa = PBXFileReference; fileEncoding = 4; lastKnownFileType = sourcecode.c.objc; path = AccSettingTableViewController.m; sourceTree = "<group>"; };
		BEED88F31F43EE310068D948 /* MNetworkUtil.h */ = {isa = PBXFileReference; fileEncoding = 4; lastKnownFileType = sourcecode.c.h; path = MNetworkUtil.h; sourceTree = "<group>"; };
		BEED88F41F43EE310068D948 /* MNetworkUtil.m */ = {isa = PBXFileReference; fileEncoding = 4; lastKnownFileType = sourcecode.c.objc; path = MNetworkUtil.m; sourceTree = "<group>"; };
		BEED88F71F44254B0068D948 /* LoginViewModel.h */ = {isa = PBXFileReference; fileEncoding = 4; lastKnownFileType = sourcecode.c.h; path = LoginViewModel.h; sourceTree = "<group>"; };
		BEED88F81F44254B0068D948 /* LoginViewModel.m */ = {isa = PBXFileReference; fileEncoding = 4; lastKnownFileType = sourcecode.c.objc; path = LoginViewModel.m; sourceTree = "<group>"; };
		BEF6ADF31F4DD75900F7A2E6 /* CallingViewController.h */ = {isa = PBXFileReference; fileEncoding = 4; lastKnownFileType = sourcecode.c.h; path = CallingViewController.h; sourceTree = "<group>"; };
		BEF6ADF41F4DD75900F7A2E6 /* CallingViewController.m */ = {isa = PBXFileReference; fileEncoding = 4; lastKnownFileType = sourcecode.c.objc; path = CallingViewController.m; sourceTree = "<group>"; };
		BEF6ADF51F4DD75900F7A2E6 /* CallingViewController.xib */ = {isa = PBXFileReference; fileEncoding = 4; lastKnownFileType = file.xib; path = CallingViewController.xib; sourceTree = "<group>"; };
		BEF869A91F4BBFF500F5E08F /* MDataManagerUtil.h */ = {isa = PBXFileReference; fileEncoding = 4; lastKnownFileType = sourcecode.c.h; path = MDataManagerUtil.h; sourceTree = "<group>"; };
		BEF869AA1F4BBFF500F5E08F /* MDataManagerUtil.m */ = {isa = PBXFileReference; fileEncoding = 4; lastKnownFileType = sourcecode.c.objc; path = MDataManagerUtil.m; sourceTree = "<group>"; };
		BEF869AC1F4BDAD400F5E08F /* callHomeDB.db */ = {isa = PBXFileReference; lastKnownFileType = file; path = callHomeDB.db; sourceTree = "<group>"; };
		BEF869AF1F4BF9F800F5E08F /* RecordModel.h */ = {isa = PBXFileReference; fileEncoding = 4; lastKnownFileType = sourcecode.c.h; path = RecordModel.h; sourceTree = "<group>"; };
		BEF869B01F4BF9F800F5E08F /* RecordModel.m */ = {isa = PBXFileReference; fileEncoding = 4; lastKnownFileType = sourcecode.c.objc; path = RecordModel.m; sourceTree = "<group>"; };
		BEF869B21F4C84A100F5E08F /* RecordCell.h */ = {isa = PBXFileReference; fileEncoding = 4; lastKnownFileType = sourcecode.c.h; path = RecordCell.h; sourceTree = "<group>"; };
		BEF869B31F4C84A100F5E08F /* RecordCell.m */ = {isa = PBXFileReference; fileEncoding = 4; lastKnownFileType = sourcecode.c.objc; path = RecordCell.m; sourceTree = "<group>"; };
		BEF869B41F4C84A100F5E08F /* RecordCell.xib */ = {isa = PBXFileReference; fileEncoding = 4; lastKnownFileType = file.xib; path = RecordCell.xib; sourceTree = "<group>"; };
		BEF9FC491F41D8ED00469DB3 /* MoreTableViewController.h */ = {isa = PBXFileReference; fileEncoding = 4; lastKnownFileType = sourcecode.c.h; path = MoreTableViewController.h; sourceTree = "<group>"; };
		BEF9FC4A1F41D8ED00469DB3 /* MoreTableViewController.m */ = {isa = PBXFileReference; fileEncoding = 4; lastKnownFileType = sourcecode.c.objc; path = MoreTableViewController.m; sourceTree = "<group>"; };
		BEF9FC4C1F41DC5900469DB3 /* AboutUsViewController.h */ = {isa = PBXFileReference; fileEncoding = 4; lastKnownFileType = sourcecode.c.h; path = AboutUsViewController.h; sourceTree = "<group>"; };
		BEF9FC4D1F41DC5900469DB3 /* AboutUsViewController.m */ = {isa = PBXFileReference; fileEncoding = 4; lastKnownFileType = sourcecode.c.objc; path = AboutUsViewController.m; sourceTree = "<group>"; };
		BEF9FC4F1F41E04500469DB3 /* FeedbackTableViewController.h */ = {isa = PBXFileReference; fileEncoding = 4; lastKnownFileType = sourcecode.c.h; path = FeedbackTableViewController.h; sourceTree = "<group>"; };
		BEF9FC501F41E04500469DB3 /* FeedbackTableViewController.m */ = {isa = PBXFileReference; fileEncoding = 4; lastKnownFileType = sourcecode.c.objc; path = FeedbackTableViewController.m; sourceTree = "<group>"; };
		BEF9FC521F41E11300469DB3 /* BindingAccTableViewController.h */ = {isa = PBXFileReference; fileEncoding = 4; lastKnownFileType = sourcecode.c.h; path = BindingAccTableViewController.h; sourceTree = "<group>"; };
		BEF9FC531F41E11300469DB3 /* BindingAccTableViewController.m */ = {isa = PBXFileReference; fileEncoding = 4; lastKnownFileType = sourcecode.c.objc; path = BindingAccTableViewController.m; sourceTree = "<group>"; };
		BEF9FC551F41E15700469DB3 /* ChagneAccTableViewController.h */ = {isa = PBXFileReference; fileEncoding = 4; lastKnownFileType = sourcecode.c.h; path = ChagneAccTableViewController.h; sourceTree = "<group>"; };
		BEF9FC561F41E15700469DB3 /* ChagneAccTableViewController.m */ = {isa = PBXFileReference; fileEncoding = 4; lastKnownFileType = sourcecode.c.objc; path = ChagneAccTableViewController.m; sourceTree = "<group>"; };
		D081C6F2FBBC9F12F548BE92 /* libPods-MeiXun.a */ = {isa = PBXFileReference; explicitFileType = archive.ar; includeInIndex = 0; path = "libPods-MeiXun.a"; sourceTree = BUILT_PRODUCTS_DIR; };
/* End PBXFileReference section */

/* Begin PBXFrameworksBuildPhase section */
		BE63E6BD1F3DEF8D00E6CC48 /* Frameworks */ = {
			isa = PBXFrameworksBuildPhase;
			buildActionMask = 2147483647;
			files = (
				6B93A1E07252B2FC99D6F25B /* libPods-MeiXun.a in Frameworks */,
				BE8E0B441F5910C800E4B86A /* StoreKit.framework in Frameworks */,
			);
			runOnlyForDeploymentPostprocessing = 0;
		};
/* End PBXFrameworksBuildPhase section */

/* Begin PBXGroup section */
		8B6F6037AE651E74BDCC9352 /* Pods */ = {
			isa = PBXGroup;
			children = (
				4984CF8DB189A6F5E092B49C /* Pods-MeiXun.debug.xcconfig */,
				A360D35DA78737F4678F2B94 /* Pods-MeiXun.release.xcconfig */,
			);
			name = Pods;
			sourceTree = "<group>";
		};
		9066E30743DC5E1FB6663117 /* Frameworks */ = {
			isa = PBXGroup;
			children = (
				BE8E0B431F5910C800E4B86A /* StoreKit.framework */,
				D081C6F2FBBC9F12F548BE92 /* libPods-MeiXun.a */,
			);
			name = Frameworks;
			sourceTree = "<group>";
		};
		BE14D5A11F4FB5A10037F988 /* AES */ = {
			isa = PBXGroup;
			children = (
				BE14D5A21F4FB5A10037F988 /* GTMBase64 */,
				BE14D5A61F4FB5A10037F988 /* NSData+AES.h */,
				BE14D5A71F4FB5A10037F988 /* NSData+AES.m */,
				BE14D5A81F4FB5A10037F988 /* SecurityUtil.h */,
				BE14D5A91F4FB5A10037F988 /* SecurityUtil.m */,
			);
			path = AES;
			sourceTree = "<group>";
		};
		BE14D5A21F4FB5A10037F988 /* GTMBase64 */ = {
			isa = PBXGroup;
			children = (
				BE14D5A31F4FB5A10037F988 /* GTMBase64.h */,
				BE14D5A41F4FB5A10037F988 /* GTMBase64.m */,
				BE14D5A51F4FB5A10037F988 /* GTMDefines.h */,
			);
			path = GTMBase64;
			sourceTree = "<group>";
		};
		BE1A3D821F57DFDB008D74F7 /* Views */ = {
			isa = PBXGroup;
			children = (
				BE1A3D831F57E00E008D74F7 /* MProductButton.h */,
				BE1A3D841F57E00E008D74F7 /* MProductButton.m */,
			);
			path = Views;
			sourceTree = "<group>";
		};
		BE2A77BC1F432AB400FDD1BD /* Dialog */ = {
			isa = PBXGroup;
			children = (
				BEF869AE1F4BF9ED00F5E08F /* Models */,
				BE2A77BD1F432AB400FDD1BD /* Controllers */,
				BE2A77BE1F432AB400FDD1BD /* Views */,
			);
			path = Dialog;
			sourceTree = "<group>";
		};
		BE2A77BD1F432AB400FDD1BD /* Controllers */ = {
			isa = PBXGroup;
			children = (
				BE2A77BF1F432AE900FDD1BD /* DialogTableViewController.h */,
				BE2A77C01F432AE900FDD1BD /* DialogTableViewController.m */,
				BEF6ADF31F4DD75900F7A2E6 /* CallingViewController.h */,
				BEF6ADF41F4DD75900F7A2E6 /* CallingViewController.m */,
				BEF6ADF51F4DD75900F7A2E6 /* CallingViewController.xib */,
			);
			path = Controllers;
			sourceTree = "<group>";
		};
		BE2A77BE1F432AB400FDD1BD /* Views */ = {
			isa = PBXGroup;
			children = (
				BE2A77C71F43345C00FDD1BD /* keyboard */,
				BEF869B21F4C84A100F5E08F /* RecordCell.h */,
				BEF869B31F4C84A100F5E08F /* RecordCell.m */,
				BEF869B41F4C84A100F5E08F /* RecordCell.xib */,
			);
			path = Views;
			sourceTree = "<group>";
		};
		BE2A77C21F432B3E00FDD1BD /* Controllers */ = {
			isa = PBXGroup;
			children = (
				BE2A77C31F432B6A00FDD1BD /* MTabbarController.h */,
				BE2A77C41F432B6A00FDD1BD /* MTabbarController.m */,
			);
			path = Controllers;
			sourceTree = "<group>";
		};
		BE2A77C71F43345C00FDD1BD /* keyboard */ = {
			isa = PBXGroup;
			children = (
				BE2A77C81F43351100FDD1BD /* MKeyboard.xib */,
				BE2A77CA1F43363400FDD1BD /* MKeyboard.h */,
				BE2A77CB1F43363400FDD1BD /* MKeyboard.m */,
				BE2A77CD1F433D6300FDD1BD /* MNumbers.h */,
				BE2A77CE1F433D6300FDD1BD /* MNumbers.m */,
				BE2A77CF1F433D6300FDD1BD /* MNumbers.xib */,
			);
			path = keyboard;
			sourceTree = "<group>";
		};
		BE2A77D21F433DFA00FDD1BD /* Category */ = {
			isa = PBXGroup;
			children = (
				BE8E0B3B1F57E54D00E4B86A /* UIImage+Extension.h */,
				BE8E0B3C1F57E54D00E4B86A /* UIImage+Extension.m */,
				BE2A77D31F433E0400FDD1BD /* UIView+PositionExt.h */,
				BE2A77D41F433E0400FDD1BD /* UIView+PositionExt.m */,
				BE3951701F46C22E00872662 /* NSString+Extension.h */,
				BE3951711F46C22E00872662 /* NSString+Extension.m */,
			);
			path = Category;
			sourceTree = "<group>";
		};
		BE3951451F46BB2A00872662 /* Librarry */ = {
			isa = PBXGroup;
			children = (
				BE14D5A11F4FB5A10037F988 /* AES */,
				BE3951571F46BE0300872662 /* PinYin4Objc */,
			);
			name = Librarry;
			path = MBases/Librarry;
			sourceTree = "<group>";
		};
		BE3951571F46BE0300872662 /* PinYin4Objc */ = {
			isa = PBXGroup;
			children = (
				BE3951581F46BE0300872662 /* Classes */,
				BE3951641F46BE0300872662 /* Resources */,
			);
			path = PinYin4Objc;
			sourceTree = "<group>";
		};
		BE3951581F46BE0300872662 /* Classes */ = {
			isa = PBXGroup;
			children = (
				BE3951591F46BE0300872662 /* ChineseToPinyinResource.h */,
				BE39515A1F46BE0300872662 /* ChineseToPinyinResource.m */,
				BE39515B1F46BE0300872662 /* HanyuPinyinOutputFormat.h */,
				BE39515C1F46BE0300872662 /* HanyuPinyinOutputFormat.m */,
				BE39515D1F46BE0300872662 /* NSString+PinYin4Cocoa.h */,
				BE39515E1F46BE0300872662 /* NSString+PinYin4Cocoa.m */,
				BE39515F1F46BE0300872662 /* PinYin4Objc.h */,
				BE3951601F46BE0300872662 /* PinyinFormatter.h */,
				BE3951611F46BE0300872662 /* PinyinFormatter.m */,
				BE3951621F46BE0300872662 /* PinyinHelper.h */,
				BE3951631F46BE0300872662 /* PinyinHelper.m */,
			);
			path = Classes;
			sourceTree = "<group>";
		};
		BE3951641F46BE0300872662 /* Resources */ = {
			isa = PBXGroup;
			children = (
				BE3951651F46BE0300872662 /* unicode_to_hanyu_pinyin.txt */,
			);
			path = Resources;
			sourceTree = "<group>";
		};
		BE39516C1F46BFDB00872662 /* Model */ = {
			isa = PBXGroup;
			children = (
				BE39516D1F46C00A00872662 /* PersonModel.h */,
				BE39516E1F46C00A00872662 /* PersonModel.m */,
				BE3951B61F47C5C100872662 /* LoadImgOperation.h */,
				BE3951B71F47C5C100872662 /* LoadImgOperation.m */,
			);
			path = Model;
			sourceTree = "<group>";
		};
		BE5E9FE31F5BE53F00B31681 /* Models */ = {
			isa = PBXGroup;
			children = (
				BE5E9FE41F5BE55100B31681 /* ChargeModel.h */,
				BE5E9FE51F5BE55100B31681 /* ChargeModel.m */,
			);
			path = Models;
			sourceTree = "<group>";
		};
		BE63E6B71F3DEF8D00E6CC48 = {
			isa = PBXGroup;
			children = (
				BE63E6C21F3DEF8D00E6CC48 /* MeiXun */,
				BE63E6C11F3DEF8D00E6CC48 /* Products */,
				8B6F6037AE651E74BDCC9352 /* Pods */,
				9066E30743DC5E1FB6663117 /* Frameworks */,
			);
			sourceTree = "<group>";
		};
		BE63E6C11F3DEF8D00E6CC48 /* Products */ = {
			isa = PBXGroup;
			children = (
				BE63E6C01F3DEF8D00E6CC48 /* MeiXun.app */,
			);
			name = Products;
			sourceTree = "<group>";
		};
		BE63E6C21F3DEF8D00E6CC48 /* MeiXun */ = {
			isa = PBXGroup;
			children = (
				BE63E6E71F3DF28F00E6CC48 /* MBases */,
				BE3951451F46BB2A00872662 /* Librarry */,
				BE63E6EC1F3DF2F000E6CC48 /* MClasses */,
				BE63E6CC1F3DEF8D00E6CC48 /* Main.storyboard */,
				BE63E6CF1F3DEF8D00E6CC48 /* Assets.xcassets */,
				BE63E6D11F3DEF8D00E6CC48 /* LaunchScreen.storyboard */,
				BE63E6D41F3DEF8D00E6CC48 /* Info.plist */,
				BE63E6C31F3DEF8D00E6CC48 /* Supporting Files */,
				BEBD698F1F3EDC2C0062AA36 /* MXPrefixHeader.pch */,
				BEBD69971F3EE0270062AA36 /* InfoPlist.strings */,
			);
			path = MeiXun;
			sourceTree = "<group>";
		};
		BE63E6C31F3DEF8D00E6CC48 /* Supporting Files */ = {
			isa = PBXGroup;
			children = (
				BE63E6C41F3DEF8D00E6CC48 /* main.m */,
			);
			name = "Supporting Files";
			sourceTree = "<group>";
		};
		BE63E6E71F3DF28F00E6CC48 /* MBases */ = {
			isa = PBXGroup;
			children = (
				BE1A3D821F57DFDB008D74F7 /* Views */,
				BEED88F21F43EE160068D948 /* Network */,
				BE2A77D21F433DFA00FDD1BD /* Category */,
				BE2A77C21F432B3E00FDD1BD /* Controllers */,
				BEBD698D1F3EDBE50062AA36 /* Util */,
				BE63E6E81F3DF28F00E6CC48 /* Launch */,
			);
			path = MBases;
			sourceTree = "<group>";
		};
		BE63E6E81F3DF28F00E6CC48 /* Launch */ = {
			isa = PBXGroup;
			children = (
				BE9650281F4CF0A1004395D2 /* ADView */,
				BE63E6E91F3DF28F00E6CC48 /* AppDelegate.h */,
				BE63E6EA1F3DF28F00E6CC48 /* AppDelegate.m */,
			);
			path = Launch;
			sourceTree = "<group>";
		};
		BE63E6EC1F3DF2F000E6CC48 /* MClasses */ = {
			isa = PBXGroup;
			children = (
				BE2A77BC1F432AB400FDD1BD /* Dialog */,
				BE63E6ED1F3DF2F000E6CC48 /* Contacts */,
				BE63E6F01F3DF2F000E6CC48 /* Login */,
				BE63E6F31F3DF2F000E6CC48 /* Me */,
			);
			path = MClasses;
			sourceTree = "<group>";
		};
		BE63E6ED1F3DF2F000E6CC48 /* Contacts */ = {
			isa = PBXGroup;
			children = (
				BE39516C1F46BFDB00872662 /* Model */,
				BE63E6EE1F3DF2F000E6CC48 /* Controllers */,
				BE63E6EF1F3DF2F000E6CC48 /* Views */,
			);
			path = Contacts;
			sourceTree = "<group>";
		};
		BE63E6EE1F3DF2F000E6CC48 /* Controllers */ = {
			isa = PBXGroup;
			children = (
				BE3951AE1F46D72900872662 /* ContactsTableViewController.h */,
				BE3951AF1F46D72900872662 /* ContactsTableViewController.m */,
			);
			path = Controllers;
			sourceTree = "<group>";
		};
		BE63E6EF1F3DF2F000E6CC48 /* Views */ = {
			isa = PBXGroup;
			children = (
				BE3951B11F46D7CB00872662 /* ContactsCell.h */,
				BE3951B21F46D7CB00872662 /* ContactsCell.m */,
				BE3951B31F46D7CB00872662 /* ContactsCell.xib */,
			);
			path = Views;
			sourceTree = "<group>";
		};
		BE63E6F01F3DF2F000E6CC48 /* Login */ = {
			isa = PBXGroup;
			children = (
				BEED88F61F4425400068D948 /* ViewModels */,
				BEE23B7F1F40069500BAA66E /* Model */,
				BE63E6F11F3DF2F000E6CC48 /* Controllers */,
				BE63E6F21F3DF2F000E6CC48 /* Views */,
			);
			path = Login;
			sourceTree = "<group>";
		};
		BE63E6F11F3DF2F000E6CC48 /* Controllers */ = {
			isa = PBXGroup;
			children = (
				BE63E6FB1F3DFB0800E6CC48 /* AccTableVieController.h */,
				BE63E6FC1F3DFB0800E6CC48 /* AccTableVieController.m */,
				BEBD698A1F3ED9610062AA36 /* LoginCodeTableViewController.h */,
				BEBD698B1F3ED9610062AA36 /* LoginCodeTableViewController.m */,
				BEE23B7C1F3FF70F00BAA66E /* EnterPwdTableViewController.h */,
				BEE23B7D1F3FF70F00BAA66E /* EnterPwdTableViewController.m */,
			);
			path = Controllers;
			sourceTree = "<group>";
		};
		BE63E6F21F3DF2F000E6CC48 /* Views */ = {
			isa = PBXGroup;
			children = (
				BE63E6F91F3DF30A00E6CC48 /* Login.storyboard */,
			);
			path = Views;
			sourceTree = "<group>";
		};
		BE63E6F31F3DF2F000E6CC48 /* Me */ = {
			isa = PBXGroup;
			children = (
				BE5E9FE31F5BE53F00B31681 /* Models */,
				BECC6DA91F5BDFC600D9ED37 /* ViewModels */,
				BE63E6F41F3DF2F000E6CC48 /* Controllers */,
				BE63E6F51F3DF2F000E6CC48 /* Views */,
			);
			path = Me;
			sourceTree = "<group>";
		};
		BE63E6F41F3DF2F000E6CC48 /* Controllers */ = {
			isa = PBXGroup;
			children = (
				BEE23B861F404DF700BAA66E /* MeTableViewController.h */,
				BEE23B871F404DF700BAA66E /* MeTableViewController.m */,
				BEE23B891F408C0A00BAA66E /* AccSettingTableViewController.h */,
				BEE23B8A1F408C0A00BAA66E /* AccSettingTableViewController.m */,
				BE82B9671F40A040000DE786 /* ModifyPwdTableViewController.h */,
				BE82B9681F40A040000DE786 /* ModifyPwdTableViewController.m */,
				BEF9FC491F41D8ED00469DB3 /* MoreTableViewController.h */,
				BEF9FC4A1F41D8ED00469DB3 /* MoreTableViewController.m */,
				BEF9FC4C1F41DC5900469DB3 /* AboutUsViewController.h */,
				BEF9FC4D1F41DC5900469DB3 /* AboutUsViewController.m */,
				BEF9FC4F1F41E04500469DB3 /* FeedbackTableViewController.h */,
				BEF9FC501F41E04500469DB3 /* FeedbackTableViewController.m */,
				BEF9FC521F41E11300469DB3 /* BindingAccTableViewController.h */,
				BEF9FC531F41E11300469DB3 /* BindingAccTableViewController.m */,
				BEF9FC551F41E15700469DB3 /* ChagneAccTableViewController.h */,
				BEF9FC561F41E15700469DB3 /* ChagneAccTableViewController.m */,
				BE8E0B3E1F57F28200E4B86A /* IAPTableViewController.h */,
				BE8E0B3F1F57F28200E4B86A /* IAPTableViewController.m */,
				BE8E0B481F5AB8BA00E4B86A /* ChargeListTableViewController.h */,
				BE8E0B491F5AB8BA00E4B86A /* ChargeListTableViewController.m */,
			);
			path = Controllers;
			sourceTree = "<group>";
		};
		BE63E6F51F3DF2F000E6CC48 /* Views */ = {
			isa = PBXGroup;
			children = (
				BE5E9FE71F5BE9A800B31681 /* ChargeCell.h */,
				BE5E9FE81F5BE9A800B31681 /* ChargeCell.m */,
				BE5E9FE91F5BE9A800B31681 /* ChargeCell.xib */,
				BE8E0B451F5AB80400E4B86A /* MchargeListHeader.h */,
				BE8E0B461F5AB80500E4B86A /* MchargeListHeader.m */,
			);
			path = Views;
			sourceTree = "<group>";
		};
		BE9650281F4CF0A1004395D2 /* ADView */ = {
			isa = PBXGroup;
			children = (
				BE9650291F4CF0BC004395D2 /* ADViewController.h */,
				BE96502A1F4CF0BC004395D2 /* ADViewController.m */,
				BE96502B1F4CF0BC004395D2 /* ADViewController.xib */,
			);
			path = ADView;
			sourceTree = "<group>";
		};
		BEBD698D1F3EDBE50062AA36 /* Util */ = {
			isa = PBXGroup;
			children = (
				BEF869AC1F4BDAD400F5E08F /* callHomeDB.db */,
				BE2A77C61F432BB900FDD1BD /* MKeys.h */,
				BEBD698E1F3EDC000062AA36 /* MColor.h */,
				BEBD69901F3EDD510062AA36 /* MConstant.h */,
				BEE23B831F40087200BAA66E /* MDataUtil.h */,
				BEE23B841F40087200BAA66E /* MDataUtil.m */,
				BEF869A91F4BBFF500F5E08F /* MDataManagerUtil.h */,
				BEF869AA1F4BBFF500F5E08F /* MDataManagerUtil.m */,
			);
			path = Util;
			sourceTree = "<group>";
		};
		BECC6DA91F5BDFC600D9ED37 /* ViewModels */ = {
			isa = PBXGroup;
			children = (
				BECC6DAA1F5BDFC600D9ED37 /* MeViewModel.h */,
				BECC6DAB1F5BDFC600D9ED37 /* MeViewModel.m */,
			);
			path = ViewModels;
			sourceTree = "<group>";
		};
		BEE23B7F1F40069500BAA66E /* Model */ = {
			isa = PBXGroup;
			children = (
				BEE23B801F4006A800BAA66E /* MAccModel.h */,
				BEE23B811F4006A800BAA66E /* MAccModel.m */,
			);
			path = Model;
			sourceTree = "<group>";
		};
		BEED88F21F43EE160068D948 /* Network */ = {
			isa = PBXGroup;
			children = (
				BEED88F31F43EE310068D948 /* MNetworkUtil.h */,
				BEED88F41F43EE310068D948 /* MNetworkUtil.m */,
			);
			path = Network;
			sourceTree = "<group>";
		};
		BEED88F61F4425400068D948 /* ViewModels */ = {
			isa = PBXGroup;
			children = (
				BEED88F71F44254B0068D948 /* LoginViewModel.h */,
				BEED88F81F44254B0068D948 /* LoginViewModel.m */,
			);
			path = ViewModels;
			sourceTree = "<group>";
		};
		BEF869AE1F4BF9ED00F5E08F /* Models */ = {
			isa = PBXGroup;
			children = (
				BEF869AF1F4BF9F800F5E08F /* RecordModel.h */,
				BEF869B01F4BF9F800F5E08F /* RecordModel.m */,
			);
			path = Models;
			sourceTree = "<group>";
		};
/* End PBXGroup section */

/* Begin PBXNativeTarget section */
		BE63E6BF1F3DEF8D00E6CC48 /* MeiXun */ = {
			isa = PBXNativeTarget;
			buildConfigurationList = BE63E6D71F3DEF8D00E6CC48 /* Build configuration list for PBXNativeTarget "MeiXun" */;
			buildPhases = (
				282EA07CEA36BADC72D25F8F /* [CP] Check Pods Manifest.lock */,
				BE63E6BC1F3DEF8D00E6CC48 /* Sources */,
				BE63E6BD1F3DEF8D00E6CC48 /* Frameworks */,
				BE63E6BE1F3DEF8D00E6CC48 /* Resources */,
				F48E5B7642F658F5762E0D4C /* [CP] Embed Pods Frameworks */,
				4880E3A3D3A97AB125FECF66 /* [CP] Copy Pods Resources */,
			);
			buildRules = (
			);
			dependencies = (
			);
			name = MeiXun;
			productName = MeiXun;
			productReference = BE63E6C01F3DEF8D00E6CC48 /* MeiXun.app */;
			productType = "com.apple.product-type.application";
		};
/* End PBXNativeTarget section */

/* Begin PBXProject section */
		BE63E6B81F3DEF8D00E6CC48 /* Project object */ = {
			isa = PBXProject;
			attributes = {
				LastUpgradeCheck = 0830;
				ORGANIZATIONNAME = taotao;
				TargetAttributes = {
					BE63E6BF1F3DEF8D00E6CC48 = {
						CreatedOnToolsVersion = 8.3.2;
						DevelopmentTeam = UY8D3JBH69;
						ProvisioningStyle = Automatic;
						SystemCapabilities = {
							com.apple.InAppPurchase = {
								enabled = 1;
							};
						};
					};
				};
			};
			buildConfigurationList = BE63E6BB1F3DEF8D00E6CC48 /* Build configuration list for PBXProject "MeiXun" */;
			compatibilityVersion = "Xcode 3.2";
			developmentRegion = English;
			hasScannedForEncodings = 0;
			knownRegions = (
				en,
				Base,
				"zh-Hans",
			);
			mainGroup = BE63E6B71F3DEF8D00E6CC48;
			productRefGroup = BE63E6C11F3DEF8D00E6CC48 /* Products */;
			projectDirPath = "";
			projectRoot = "";
			targets = (
				BE63E6BF1F3DEF8D00E6CC48 /* MeiXun */,
			);
		};
/* End PBXProject section */

/* Begin PBXResourcesBuildPhase section */
		BE63E6BE1F3DEF8D00E6CC48 /* Resources */ = {
			isa = PBXResourcesBuildPhase;
			buildActionMask = 2147483647;
			files = (
				BE2A77C91F43351100FDD1BD /* MKeyboard.xib in Resources */,
				BE96502D1F4CF0BC004395D2 /* ADViewController.xib in Resources */,
				BE63E6FA1F3DF30A00E6CC48 /* Login.storyboard in Resources */,
				BE63E6D31F3DEF8D00E6CC48 /* LaunchScreen.storyboard in Resources */,
				BE63E6D01F3DEF8D00E6CC48 /* Assets.xcassets in Resources */,
				BEF869AD1F4BDAD400F5E08F /* callHomeDB.db in Resources */,
				BE39516B1F46BE0300872662 /* unicode_to_hanyu_pinyin.txt in Resources */,
				BE5E9FEB1F5BE9A800B31681 /* ChargeCell.xib in Resources */,
				BEF6ADF71F4DD75900F7A2E6 /* CallingViewController.xib in Resources */,
				BE2A77D11F433D6300FDD1BD /* MNumbers.xib in Resources */,
				BE3951B51F46D7CB00872662 /* ContactsCell.xib in Resources */,
				BEF869B61F4C84A100F5E08F /* RecordCell.xib in Resources */,
				BE63E6CE1F3DEF8D00E6CC48 /* Main.storyboard in Resources */,
				BEBD69951F3EE0270062AA36 /* InfoPlist.strings in Resources */,
			);
			runOnlyForDeploymentPostprocessing = 0;
		};
/* End PBXResourcesBuildPhase section */

/* Begin PBXShellScriptBuildPhase section */
		282EA07CEA36BADC72D25F8F /* [CP] Check Pods Manifest.lock */ = {
			isa = PBXShellScriptBuildPhase;
			buildActionMask = 2147483647;
			files = (
			);
			inputPaths = (
			);
			name = "[CP] Check Pods Manifest.lock";
			outputPaths = (
			);
			runOnlyForDeploymentPostprocessing = 0;
			shellPath = /bin/sh;
			shellScript = "diff \"${PODS_ROOT}/../Podfile.lock\" \"${PODS_ROOT}/Manifest.lock\" > /dev/null\nif [ $? != 0 ] ; then\n    # print error to STDERR\n    echo \"error: The sandbox is not in sync with the Podfile.lock. Run 'pod install' or update your CocoaPods installation.\" >&2\n    exit 1\nfi\n";
			showEnvVarsInLog = 0;
		};
		4880E3A3D3A97AB125FECF66 /* [CP] Copy Pods Resources */ = {
			isa = PBXShellScriptBuildPhase;
			buildActionMask = 2147483647;
			files = (
			);
			inputPaths = (
			);
			name = "[CP] Copy Pods Resources";
			outputPaths = (
			);
			runOnlyForDeploymentPostprocessing = 0;
			shellPath = /bin/sh;
			shellScript = "\"${SRCROOT}/Pods/Target Support Files/Pods-MeiXun/Pods-MeiXun-resources.sh\"\n";
			showEnvVarsInLog = 0;
		};
		F48E5B7642F658F5762E0D4C /* [CP] Embed Pods Frameworks */ = {
			isa = PBXShellScriptBuildPhase;
			buildActionMask = 2147483647;
			files = (
			);
			inputPaths = (
			);
			name = "[CP] Embed Pods Frameworks";
			outputPaths = (
			);
			runOnlyForDeploymentPostprocessing = 0;
			shellPath = /bin/sh;
			shellScript = "\"${SRCROOT}/Pods/Target Support Files/Pods-MeiXun/Pods-MeiXun-frameworks.sh\"\n";
			showEnvVarsInLog = 0;
		};
/* End PBXShellScriptBuildPhase section */

/* Begin PBXSourcesBuildPhase section */
		BE63E6BC1F3DEF8D00E6CC48 /* Sources */ = {
			isa = PBXSourcesBuildPhase;
			buildActionMask = 2147483647;
			files = (
				BE39516A1F46BE0300872662 /* PinyinHelper.m in Sources */,
				BE5E9FEA1F5BE9A800B31681 /* ChargeCell.m in Sources */,
				BE14D5AA1F4FB5A10037F988 /* GTMBase64.m in Sources */,
				BE8E0B4A1F5AB8BA00E4B86A /* ChargeListTableViewController.m in Sources */,
				BEF6ADF61F4DD75900F7A2E6 /* CallingViewController.m in Sources */,
				BE96502C1F4CF0BC004395D2 /* ADViewController.m in Sources */,
				BE63E6FD1F3DFB0800E6CC48 /* AccTableVieController.m in Sources */,
				BE3951B01F46D72900872662 /* ContactsTableViewController.m in Sources */,
				BEE23B8B1F408C0A00BAA66E /* AccSettingTableViewController.m in Sources */,
				BE5E9FE61F5BE55100B31681 /* ChargeModel.m in Sources */,
				BE3951661F46BE0300872662 /* ChineseToPinyinResource.m in Sources */,
				BEED88F91F44254B0068D948 /* LoginViewModel.m in Sources */,
				BEBD698C1F3ED9610062AA36 /* LoginCodeTableViewController.m in Sources */,
				BE82B9691F40A040000DE786 /* ModifyPwdTableViewController.m in Sources */,
				BE14D5AB1F4FB5A10037F988 /* NSData+AES.m in Sources */,
				BE1A3D851F57E00E008D74F7 /* MProductButton.m in Sources */,
				BE3951681F46BE0300872662 /* NSString+PinYin4Cocoa.m in Sources */,
				BE2A77C51F432B6A00FDD1BD /* MTabbarController.m in Sources */,
				BE8E0B3D1F57E54D00E4B86A /* UIImage+Extension.m in Sources */,
				BEF9FC4B1F41D8ED00469DB3 /* MoreTableViewController.m in Sources */,
				BE3951721F46C22E00872662 /* NSString+Extension.m in Sources */,
				BEF869AB1F4BBFF500F5E08F /* MDataManagerUtil.m in Sources */,
				BE63E6C51F3DEF8D00E6CC48 /* main.m in Sources */,
				BEE23B881F404DF700BAA66E /* MeTableViewController.m in Sources */,
				BE3951B41F46D7CB00872662 /* ContactsCell.m in Sources */,
				BE3951691F46BE0300872662 /* PinyinFormatter.m in Sources */,
				BECC6DAC1F5BDFC600D9ED37 /* MeViewModel.m in Sources */,
				BE2A77CC1F43363400FDD1BD /* MKeyboard.m in Sources */,
				BEF9FC511F41E04500469DB3 /* FeedbackTableViewController.m in Sources */,
				BE14D5AC1F4FB5A10037F988 /* SecurityUtil.m in Sources */,
				BEE23B821F4006A800BAA66E /* MAccModel.m in Sources */,
				BE2A77D01F433D6300FDD1BD /* MNumbers.m in Sources */,
				BEF9FC4E1F41DC5900469DB3 /* AboutUsViewController.m in Sources */,
				BEF869B51F4C84A100F5E08F /* RecordCell.m in Sources */,
				BE8E0B471F5AB80500E4B86A /* MchargeListHeader.m in Sources */,
				BE2A77D51F433E0400FDD1BD /* UIView+PositionExt.m in Sources */,
				BEE23B851F40087200BAA66E /* MDataUtil.m in Sources */,
				BE39516F1F46C00A00872662 /* PersonModel.m in Sources */,
				BEF9FC541F41E11300469DB3 /* BindingAccTableViewController.m in Sources */,
				BEF869B11F4BF9F800F5E08F /* RecordModel.m in Sources */,
				BE3951671F46BE0300872662 /* HanyuPinyinOutputFormat.m in Sources */,
				BEE23B7E1F3FF70F00BAA66E /* EnterPwdTableViewController.m in Sources */,
				BE3951B81F47C5C100872662 /* LoadImgOperation.m in Sources */,
				BE2A77C11F432AE900FDD1BD /* DialogTableViewController.m in Sources */,
				BEF9FC571F41E15700469DB3 /* ChagneAccTableViewController.m in Sources */,
				BEED88F51F43EE310068D948 /* MNetworkUtil.m in Sources */,
				BE63E6EB1F3DF28F00E6CC48 /* AppDelegate.m in Sources */,
				BE8E0B401F57F28200E4B86A /* IAPTableViewController.m in Sources */,
			);
			runOnlyForDeploymentPostprocessing = 0;
		};
/* End PBXSourcesBuildPhase section */

/* Begin PBXVariantGroup section */
		BE63E6CC1F3DEF8D00E6CC48 /* Main.storyboard */ = {
			isa = PBXVariantGroup;
			children = (
				BE63E6CD1F3DEF8D00E6CC48 /* Base */,
				BEBD69911F3EDFA60062AA36 /* zh-Hans */,
			);
			name = Main.storyboard;
			sourceTree = "<group>";
		};
		BE63E6D11F3DEF8D00E6CC48 /* LaunchScreen.storyboard */ = {
			isa = PBXVariantGroup;
			children = (
				BE63E6D21F3DEF8D00E6CC48 /* Base */,
				BEBD69921F3EDFA70062AA36 /* zh-Hans */,
			);
			name = LaunchScreen.storyboard;
			sourceTree = "<group>";
		};
		BEBD69971F3EE0270062AA36 /* InfoPlist.strings */ = {
			isa = PBXVariantGroup;
			children = (
				BEBD69961F3EE0270062AA36 /* en */,
				BEBD69981F3EE02B0062AA36 /* Base */,
				BEBD69991F3EE02C0062AA36 /* zh-Hans */,
			);
			name = InfoPlist.strings;
			sourceTree = "<group>";
		};
/* End PBXVariantGroup section */

/* Begin XCBuildConfiguration section */
		BE63E6D51F3DEF8D00E6CC48 /* Debug */ = {
			isa = XCBuildConfiguration;
			buildSettings = {
				ALWAYS_SEARCH_USER_PATHS = NO;
				CLANG_ANALYZER_LOCALIZABILITY_NONLOCALIZED = YES;
				CLANG_ANALYZER_NONNULL = YES;
				CLANG_ANALYZER_NUMBER_OBJECT_CONVERSION = YES_AGGRESSIVE;
				CLANG_CXX_LANGUAGE_STANDARD = "gnu++0x";
				CLANG_CXX_LIBRARY = "libc++";
				CLANG_ENABLE_MODULES = YES;
				CLANG_ENABLE_OBJC_ARC = YES;
				CLANG_WARN_BOOL_CONVERSION = YES;
				CLANG_WARN_CONSTANT_CONVERSION = YES;
				CLANG_WARN_DIRECT_OBJC_ISA_USAGE = YES_ERROR;
				CLANG_WARN_DOCUMENTATION_COMMENTS = YES;
				CLANG_WARN_EMPTY_BODY = YES;
				CLANG_WARN_ENUM_CONVERSION = YES;
				CLANG_WARN_INFINITE_RECURSION = YES;
				CLANG_WARN_INT_CONVERSION = YES;
				CLANG_WARN_OBJC_ROOT_CLASS = YES_ERROR;
				CLANG_WARN_SUSPICIOUS_MOVE = YES;
				CLANG_WARN_UNREACHABLE_CODE = YES;
				CLANG_WARN__DUPLICATE_METHOD_MATCH = YES;
				"CODE_SIGN_IDENTITY[sdk=iphoneos*]" = "iPhone Developer";
				COPY_PHASE_STRIP = NO;
				DEBUG_INFORMATION_FORMAT = dwarf;
				ENABLE_STRICT_OBJC_MSGSEND = YES;
				ENABLE_TESTABILITY = YES;
				GCC_C_LANGUAGE_STANDARD = gnu99;
				GCC_DYNAMIC_NO_PIC = NO;
				GCC_NO_COMMON_BLOCKS = YES;
				GCC_OPTIMIZATION_LEVEL = 0;
				GCC_PREPROCESSOR_DEFINITIONS = (
					"DEBUG=1",
					"$(inherited)",
				);
				GCC_WARN_64_TO_32_BIT_CONVERSION = YES;
				GCC_WARN_ABOUT_RETURN_TYPE = YES_ERROR;
				GCC_WARN_UNDECLARED_SELECTOR = YES;
				GCC_WARN_UNINITIALIZED_AUTOS = YES_AGGRESSIVE;
				GCC_WARN_UNUSED_FUNCTION = YES;
				GCC_WARN_UNUSED_VARIABLE = YES;
				IPHONEOS_DEPLOYMENT_TARGET = 10.3;
				MTL_ENABLE_DEBUG_INFO = YES;
				ONLY_ACTIVE_ARCH = YES;
				SDKROOT = iphoneos;
			};
			name = Debug;
		};
		BE63E6D61F3DEF8D00E6CC48 /* Release */ = {
			isa = XCBuildConfiguration;
			buildSettings = {
				ALWAYS_SEARCH_USER_PATHS = NO;
				CLANG_ANALYZER_LOCALIZABILITY_NONLOCALIZED = YES;
				CLANG_ANALYZER_NONNULL = YES;
				CLANG_ANALYZER_NUMBER_OBJECT_CONVERSION = YES_AGGRESSIVE;
				CLANG_CXX_LANGUAGE_STANDARD = "gnu++0x";
				CLANG_CXX_LIBRARY = "libc++";
				CLANG_ENABLE_MODULES = YES;
				CLANG_ENABLE_OBJC_ARC = YES;
				CLANG_WARN_BOOL_CONVERSION = YES;
				CLANG_WARN_CONSTANT_CONVERSION = YES;
				CLANG_WARN_DIRECT_OBJC_ISA_USAGE = YES_ERROR;
				CLANG_WARN_DOCUMENTATION_COMMENTS = YES;
				CLANG_WARN_EMPTY_BODY = YES;
				CLANG_WARN_ENUM_CONVERSION = YES;
				CLANG_WARN_INFINITE_RECURSION = YES;
				CLANG_WARN_INT_CONVERSION = YES;
				CLANG_WARN_OBJC_ROOT_CLASS = YES_ERROR;
				CLANG_WARN_SUSPICIOUS_MOVE = YES;
				CLANG_WARN_UNREACHABLE_CODE = YES;
				CLANG_WARN__DUPLICATE_METHOD_MATCH = YES;
				"CODE_SIGN_IDENTITY[sdk=iphoneos*]" = "iPhone Developer";
				COPY_PHASE_STRIP = NO;
				DEBUG_INFORMATION_FORMAT = "dwarf-with-dsym";
				ENABLE_NS_ASSERTIONS = NO;
				ENABLE_STRICT_OBJC_MSGSEND = YES;
				GCC_C_LANGUAGE_STANDARD = gnu99;
				GCC_NO_COMMON_BLOCKS = YES;
				GCC_WARN_64_TO_32_BIT_CONVERSION = YES;
				GCC_WARN_ABOUT_RETURN_TYPE = YES_ERROR;
				GCC_WARN_UNDECLARED_SELECTOR = YES;
				GCC_WARN_UNINITIALIZED_AUTOS = YES_AGGRESSIVE;
				GCC_WARN_UNUSED_FUNCTION = YES;
				GCC_WARN_UNUSED_VARIABLE = YES;
				IPHONEOS_DEPLOYMENT_TARGET = 10.3;
				MTL_ENABLE_DEBUG_INFO = NO;
				SDKROOT = iphoneos;
				VALIDATE_PRODUCT = YES;
			};
			name = Release;
		};
		BE63E6D81F3DEF8D00E6CC48 /* Debug */ = {
			isa = XCBuildConfiguration;
			baseConfigurationReference = 4984CF8DB189A6F5E092B49C /* Pods-MeiXun.debug.xcconfig */;
			buildSettings = {
				ASSETCATALOG_COMPILER_APPICON_NAME = AppIcon;
				DEVELOPMENT_TEAM = UY8D3JBH69;
				GCC_PREFIX_HEADER = "$(SRCROOT)/MeiXun/MXPrefixHeader.pch";
				INFOPLIST_FILE = MeiXun/Info.plist;
				IPHONEOS_DEPLOYMENT_TARGET = 8.0;
				LD_RUNPATH_SEARCH_PATHS = "$(inherited) @executable_path/Frameworks";
				PRODUCT_BUNDLE_IDENTIFIER = com.mei.MeiXunCall;
				PRODUCT_NAME = "$(TARGET_NAME)";
			};
			name = Debug;
		};
		BE63E6D91F3DEF8D00E6CC48 /* Release */ = {
			isa = XCBuildConfiguration;
			baseConfigurationReference = A360D35DA78737F4678F2B94 /* Pods-MeiXun.release.xcconfig */;
			buildSettings = {
				ASSETCATALOG_COMPILER_APPICON_NAME = AppIcon;
				DEVELOPMENT_TEAM = UY8D3JBH69;
				GCC_PREFIX_HEADER = "$(SRCROOT)/MeiXun/MXPrefixHeader.pch";
				INFOPLIST_FILE = MeiXun/Info.plist;
				IPHONEOS_DEPLOYMENT_TARGET = 8.0;
				LD_RUNPATH_SEARCH_PATHS = "$(inherited) @executable_path/Frameworks";
				PRODUCT_BUNDLE_IDENTIFIER = com.mei.MeiXunCall;
				PRODUCT_NAME = "$(TARGET_NAME)";
			};
			name = Release;
		};
/* End XCBuildConfiguration section */

/* Begin XCConfigurationList section */
		BE63E6BB1F3DEF8D00E6CC48 /* Build configuration list for PBXProject "MeiXun" */ = {
			isa = XCConfigurationList;
			buildConfigurations = (
				BE63E6D51F3DEF8D00E6CC48 /* Debug */,
				BE63E6D61F3DEF8D00E6CC48 /* Release */,
			);
			defaultConfigurationIsVisible = 0;
			defaultConfigurationName = Release;
		};
		BE63E6D71F3DEF8D00E6CC48 /* Build configuration list for PBXNativeTarget "MeiXun" */ = {
			isa = XCConfigurationList;
			buildConfigurations = (
				BE63E6D81F3DEF8D00E6CC48 /* Debug */,
				BE63E6D91F3DEF8D00E6CC48 /* Release */,
			);
			defaultConfigurationIsVisible = 0;
			defaultConfigurationName = Release;
		};
/* End XCConfigurationList section */
	};
	rootObject = BE63E6B81F3DEF8D00E6CC48 /* Project object */;
}
